// !$*UTF8*$!
{
	archiveVersion = 1;
	classes = {
	};
	objectVersion = 46;
	objects = {

/* Begin PBXBuildFile section */
		E002315A1704BC3400C78F1A /* TwitterButton@2x.png in Resources */ = {isa = PBXBuildFile; fileRef = E00231581704BC3400C78F1A /* TwitterButton@2x.png */; };
		E002315B1704BC3400C78F1A /* TwitterButton.png in Resources */ = {isa = PBXBuildFile; fileRef = E00231591704BC3400C78F1A /* TwitterButton.png */; };
		E00231681704DD1900C78F1A /* HMTwitterTableViewController.m in Sources */ = {isa = PBXBuildFile; fileRef = E00231671704DD1900C78F1A /* HMTwitterTableViewController.m */; };
		E006ED57170B1B960062CA5F /* HMTwitterDetailViewController.m in Sources */ = {isa = PBXBuildFile; fileRef = E006ED56170B1B960062CA5F /* HMTwitterDetailViewController.m */; };
		E0085EB81722443F0066813E /* Default.png in Resources */ = {isa = PBXBuildFile; fileRef = E0085EB71722443F0066813E /* Default.png */; };
		E0085EBE172244830066813E /* Default@2x.png in Resources */ = {isa = PBXBuildFile; fileRef = E0085EBD172244830066813E /* Default@2x.png */; };
		E0085EC0172244930066813E /* Default-568h@2x.png in Resources */ = {isa = PBXBuildFile; fileRef = E0085EBF172244930066813E /* Default-568h@2x.png */; };
		E00E0A0A170FCC4B001EAAF2 /* HMMoreWebBrowserViewController.m in Sources */ = {isa = PBXBuildFile; fileRef = E00E0A09170FCC4B001EAAF2 /* HMMoreWebBrowserViewController.m */; };
		E0139AE417024018000AE5B7 /* HMFFIcon57.png in Resources */ = {isa = PBXBuildFile; fileRef = E0139AE317024018000AE5B7 /* HMFFIcon57.png */; };
		E0139AE61702401C000AE5B7 /* HMFFIcon114.png in Resources */ = {isa = PBXBuildFile; fileRef = E0139AE51702401C000AE5B7 /* HMFFIcon114.png */; };
		E0139AE9170240C9000AE5B7 /* HMTabBarViewController.m in Sources */ = {isa = PBXBuildFile; fileRef = E0139AE8170240C9000AE5B7 /* HMTabBarViewController.m */; };
		E0257D921728AA0B005D7D52 /* HMBuyTicketsViewController.m in Sources */ = {isa = PBXBuildFile; fileRef = E0257D911728AA0B005D7D52 /* HMBuyTicketsViewController.m */; };
		E0257D981728B8DB005D7D52 /* ticketButton.png in Resources */ = {isa = PBXBuildFile; fileRef = E0257D971728B8DB005D7D52 /* ticketButton.png */; };
		E0257D9A1728C2E1005D7D52 /* ticketButton@2x.png in Resources */ = {isa = PBXBuildFile; fileRef = E0257D991728C2E1005D7D52 /* ticketButton@2x.png */; };
		E0257DA31728C951005D7D52 /* ticketButtonSelected.png in Resources */ = {isa = PBXBuildFile; fileRef = E0257DA11728C951005D7D52 /* ticketButtonSelected.png */; };
		E0257DA41728C951005D7D52 /* ticketButtonSelected@2x.png in Resources */ = {isa = PBXBuildFile; fileRef = E0257DA21728C951005D7D52 /* ticketButtonSelected@2x.png */; };
		E02620EF173DCB4900F88B71 /* HMVideosTableViewController.m in Sources */ = {isa = PBXBuildFile; fileRef = E02620EE173DCB4900F88B71 /* HMVideosTableViewController.m */; };
		E02620F2173DCB6400F88B71 /* HMVideoCell.m in Sources */ = {isa = PBXBuildFile; fileRef = E02620F1173DCB6400F88B71 /* HMVideoCell.m */; };
		E02620F4173DCDFB00F88B71 /* Video.plist in Resources */ = {isa = PBXBuildFile; fileRef = E02620F3173DCDFB00F88B71 /* Video.plist */; };
		E02CC3BD173C611F008C10FF /* HMPhotoCollectionViewController.m in Sources */ = {isa = PBXBuildFile; fileRef = E02CC3BC173C611F008C10FF /* HMPhotoCollectionViewController.m */; };
		E02CC3C0173C61A2008C10FF /* HMPhotoCollectionCell.m in Sources */ = {isa = PBXBuildFile; fileRef = E02CC3BF173C61A2008C10FF /* HMPhotoCollectionCell.m */; };
		E02CC3C3173C84E8008C10FF /* HMLargePhotoViewController.m in Sources */ = {isa = PBXBuildFile; fileRef = E02CC3C2173C84E8008C10FF /* HMLargePhotoViewController.m */; };
		E036B730171CA2600036B8C1 /* LISENCE_HMFF_ICONS.txt in Resources */ = {isa = PBXBuildFile; fileRef = E036B72F171CA2600036B8C1 /* LISENCE_HMFF_ICONS.txt */; };
		E03C065F16FBE667002AC531 /* UIKit.framework in Frameworks */ = {isa = PBXBuildFile; fileRef = E03C065E16FBE667002AC531 /* UIKit.framework */; };
		E03C066116FBE667002AC531 /* Foundation.framework in Frameworks */ = {isa = PBXBuildFile; fileRef = E03C066016FBE667002AC531 /* Foundation.framework */; };
		E03C066316FBE667002AC531 /* CoreGraphics.framework in Frameworks */ = {isa = PBXBuildFile; fileRef = E03C066216FBE667002AC531 /* CoreGraphics.framework */; };
		E03C066516FBE667002AC531 /* CoreData.framework in Frameworks */ = {isa = PBXBuildFile; fileRef = E03C066416FBE667002AC531 /* CoreData.framework */; };
		E03C066B16FBE667002AC531 /* InfoPlist.strings in Resources */ = {isa = PBXBuildFile; fileRef = E03C066916FBE667002AC531 /* InfoPlist.strings */; };
		E03C066D16FBE667002AC531 /* main.m in Sources */ = {isa = PBXBuildFile; fileRef = E03C066C16FBE667002AC531 /* main.m */; };
		E03C067116FBE667002AC531 /* HMAppDelegate.m in Sources */ = {isa = PBXBuildFile; fileRef = E03C067016FBE667002AC531 /* HMAppDelegate.m */; };
		E03C067316FBE667002AC531 /* Default.png in Resources */ = {isa = PBXBuildFile; fileRef = E03C067216FBE667002AC531 /* Default.png */; };
		E03C067516FBE667002AC531 /* Default@2x.png in Resources */ = {isa = PBXBuildFile; fileRef = E03C067416FBE667002AC531 /* Default@2x.png */; };
		E03C067716FBE667002AC531 /* Default-568h@2x.png in Resources */ = {isa = PBXBuildFile; fileRef = E03C067616FBE667002AC531 /* Default-568h@2x.png */; };
		E03C067A16FBE667002AC531 /* HMFF.xcdatamodeld in Sources */ = {isa = PBXBuildFile; fileRef = E03C067816FBE667002AC531 /* HMFF.xcdatamodeld */; };
		E03C068216FBE667002AC531 /* SenTestingKit.framework in Frameworks */ = {isa = PBXBuildFile; fileRef = E03C068116FBE667002AC531 /* SenTestingKit.framework */; };
		E03C068316FBE667002AC531 /* UIKit.framework in Frameworks */ = {isa = PBXBuildFile; fileRef = E03C065E16FBE667002AC531 /* UIKit.framework */; };
		E03C068416FBE667002AC531 /* Foundation.framework in Frameworks */ = {isa = PBXBuildFile; fileRef = E03C066016FBE667002AC531 /* Foundation.framework */; };
		E03C068516FBE667002AC531 /* CoreData.framework in Frameworks */ = {isa = PBXBuildFile; fileRef = E03C066416FBE667002AC531 /* CoreData.framework */; };
		E03C068D16FBE667002AC531 /* InfoPlist.strings in Resources */ = {isa = PBXBuildFile; fileRef = E03C068B16FBE667002AC531 /* InfoPlist.strings */; };
		E03C069016FBE667002AC531 /* HMFFTests.m in Sources */ = {isa = PBXBuildFile; fileRef = E03C068F16FBE667002AC531 /* HMFFTests.m */; };
		E03C069A16FBE6A4002AC531 /* Storyboard.storyboard in Resources */ = {isa = PBXBuildFile; fileRef = E03C069916FBE6A4002AC531 /* Storyboard.storyboard */; };
		E04144011723770700DB5B4E /* HMBandWebBrowserViewController.m in Sources */ = {isa = PBXBuildFile; fileRef = E04144001723770700DB5B4E /* HMBandWebBrowserViewController.m */; };
		E048DF4B1762EA7D00D7232E /* HMBandCell.m in Sources */ = {isa = PBXBuildFile; fileRef = E048DF4A1762EA7D00D7232E /* HMBandCell.m */; };
		E04B1109171604A6006A52EF /* TwitterImage.png in Resources */ = {isa = PBXBuildFile; fileRef = E04B1107171604A6006A52EF /* TwitterImage.png */; };
		E04B110A171604A6006A52EF /* TwitterImage@2x.png in Resources */ = {isa = PBXBuildFile; fileRef = E04B1108171604A6006A52EF /* TwitterImage@2x.png */; };
		E0537DA51720C896000D4AB8 /* forwardButton.png in Resources */ = {isa = PBXBuildFile; fileRef = E0537DA31720C896000D4AB8 /* forwardButton.png */; };
		E0537DA61720C896000D4AB8 /* forwardButton@2x.png in Resources */ = {isa = PBXBuildFile; fileRef = E0537DA41720C896000D4AB8 /* forwardButton@2x.png */; };
		E09643FB172B073C0037288E /* HMFFlogo3.png in Resources */ = {isa = PBXBuildFile; fileRef = E09643FA172B073C0037288E /* HMFFlogo3.png */; };
		E09FCFCB171851CF00DFD7C9 /* HMFirstTableViewController.m in Sources */ = {isa = PBXBuildFile; fileRef = E09FCFCA171851CF00DFD7C9 /* HMFirstTableViewController.m */; };
		E09FCFCE171851DC00DFD7C9 /* HMSecondTableViewController.m in Sources */ = {isa = PBXBuildFile; fileRef = E09FCFCD171851DC00DFD7C9 /* HMSecondTableViewController.m */; };
		E09FCFD2171896A500DFD7C9 /* Schedule.storyboard in Resources */ = {isa = PBXBuildFile; fileRef = E09FCFD1171896A500DFD7C9 /* Schedule.storyboard */; };
		E09FCFD51718979900DFD7C9 /* HMScheduleNavigationViewController.m in Sources */ = {isa = PBXBuildFile; fileRef = E09FCFD41718979900DFD7C9 /* HMScheduleNavigationViewController.m */; };
		E09FCFD81718F17400DFD7C9 /* HMScheduleViewController.m in Sources */ = {isa = PBXBuildFile; fileRef = E09FCFD71718F17400DFD7C9 /* HMScheduleViewController.m */; };
		E09FCFDB1718F1F800DFD7C9 /* HMScheduleScrollViewController.m in Sources */ = {isa = PBXBuildFile; fileRef = E09FCFDA1718F1F800DFD7C9 /* HMScheduleScrollViewController.m */; };
		E0A89A581703DCF70070F731 /* NoteIcon.png in Resources */ = {isa = PBXBuildFile; fileRef = E0A89A571703DCF70070F731 /* NoteIcon.png */; };
		E0A89A5B170521D60070F731 /* Twitter.framework in Frameworks */ = {isa = PBXBuildFile; fileRef = E0A89A591705219D0070F731 /* Twitter.framework */; };
		E0B3A234174721FD00DDBF91 /* HMSplashViewController.m in Sources */ = {isa = PBXBuildFile; fileRef = E0B3A233174721FD00DDBF91 /* HMSplashViewController.m */; };
		E0B3A23C174727F000DDBF91 /* HMDataFeedManager.m in Sources */ = {isa = PBXBuildFile; fileRef = E0B3A23B174727F000DDBF91 /* HMDataFeedManager.m */; };
		E0BC623017036D7200EFB287 /* EmailButton@2x.png in Resources */ = {isa = PBXBuildFile; fileRef = E0BC622E17036D7200EFB287 /* EmailButton@2x.png */; };
		E0BC623117036D7200EFB287 /* EmailButton.png in Resources */ = {isa = PBXBuildFile; fileRef = E0BC622F17036D7200EFB287 /* EmailButton.png */; };
		E0BC62341703723F00EFB287 /* EmailButtonSelected.png in Resources */ = {isa = PBXBuildFile; fileRef = E0BC62321703723F00EFB287 /* EmailButtonSelected.png */; };
		E0BC62351703723F00EFB287 /* EmailButtonSelected@2x.png in Resources */ = {isa = PBXBuildFile; fileRef = E0BC62331703723F00EFB287 /* EmailButtonSelected@2x.png */; };
		E0BDB729171F76DF00B11A19 /* TwitterBird.png in Resources */ = {isa = PBXBuildFile; fileRef = E0BDB728171F76DF00B11A19 /* TwitterBird.png */; };
		E0BDB72C171F772900B11A19 /* TwitterBird@2x.png in Resources */ = {isa = PBXBuildFile; fileRef = E0BDB72B171F772900B11A19 /* TwitterBird@2x.png */; };
		E0BDB72F171F77C200B11A19 /* News.png in Resources */ = {isa = PBXBuildFile; fileRef = E0BDB72D171F77C200B11A19 /* News.png */; };
		E0BDB730171F77C200B11A19 /* News@2x.png in Resources */ = {isa = PBXBuildFile; fileRef = E0BDB72E171F77C200B11A19 /* News@2x.png */; };
		E0BDB736171F78F500B11A19 /* SocialThumbsUp.png in Resources */ = {isa = PBXBuildFile; fileRef = E0BDB735171F78F500B11A19 /* SocialThumbsUp.png */; };
		E0BDB738171F78FB00B11A19 /* SocialThumbsUp@2x.png in Resources */ = {isa = PBXBuildFile; fileRef = E0BDB737171F78FB00B11A19 /* SocialThumbsUp@2x.png */; };
		E0BDB73C171F7C4D00B11A19 /* ScheduleMegaphone.png in Resources */ = {isa = PBXBuildFile; fileRef = E0BDB73B171F7C4D00B11A19 /* ScheduleMegaphone.png */; };
		E0BDB740171F7CC500B11A19 /* ScheduleMegaphone@2x.png in Resources */ = {isa = PBXBuildFile; fileRef = E0BDB73F171F7CC500B11A19 /* ScheduleMegaphone@2x.png */; };
		E0BDB748171F80AB00B11A19 /* HMFFButtonImage.png in Resources */ = {isa = PBXBuildFile; fileRef = E0BDB746171F80AB00B11A19 /* HMFFButtonImage.png */; };
		E0BDB749171F80AB00B11A19 /* HMFFButtonImage@2x.png in Resources */ = {isa = PBXBuildFile; fileRef = E0BDB747171F80AB00B11A19 /* HMFFButtonImage@2x.png */; };
		E0CCA16F16FBEB39007BC613 /* HMNewsFeedViewController.m in Sources */ = {isa = PBXBuildFile; fileRef = E0CCA16E16FBEB39007BC613 /* HMNewsFeedViewController.m */; };
		E0CCA17216FBEB48007BC613 /* HMTwitterViewController.m in Sources */ = {isa = PBXBuildFile; fileRef = E0CCA17116FBEB48007BC613 /* HMTwitterViewController.m */; };
		E0CCA17516FBEB56007BC613 /* HMSocialViewController.m in Sources */ = {isa = PBXBuildFile; fileRef = E0CCA17416FBEB56007BC613 /* HMSocialViewController.m */; };
		E0CCA17816FBEB63007BC613 /* HMMoreViewController.m in Sources */ = {isa = PBXBuildFile; fileRef = E0CCA17716FBEB63007BC613 /* HMMoreViewController.m */; };
		E0D4E7CB170086A9002AC1E4 /* HMCoreDataHelper.m in Sources */ = {isa = PBXBuildFile; fileRef = E0D4E7CA170086A9002AC1E4 /* HMCoreDataHelper.m */; };
		E0D8D8D51720DB5200752A29 /* HMVenueCell.m in Sources */ = {isa = PBXBuildFile; fileRef = E0D8D8D41720DB5200752A29 /* HMVenueCell.m */; };
		E0EB5EB2171447E900C444CE /* HMNewsFeedCell.m in Sources */ = {isa = PBXBuildFile; fileRef = E0EB5EB1171447E900C444CE /* HMNewsFeedCell.m */; };
		E0EB5EB51714598500C444CE /* MessageUI.framework in Frameworks */ = {isa = PBXBuildFile; fileRef = E0EB5EB31714596A00C444CE /* MessageUI.framework */; };
		E0EB5EBA17145A7000C444CE /* Social.framework in Frameworks */ = {isa = PBXBuildFile; fileRef = E0EB5EB617145A5C00C444CE /* Social.framework */; };
		E0EB5EBB17145A7600C444CE /* Accounts.framework in Frameworks */ = {isa = PBXBuildFile; fileRef = E0EB5EB817145A6300C444CE /* Accounts.framework */; };
		E0EDD7F317133323004BBB54 /* backButton.png in Resources */ = {isa = PBXBuildFile; fileRef = E0EDD7F217133323004BBB54 /* backButton.png */; };
		E0EDD7F5171333F9004BBB54 /* backButton@2x.png in Resources */ = {isa = PBXBuildFile; fileRef = E0EDD7F4171333F9004BBB54 /* backButton@2x.png */; };
		E0EDD7FE17134DA7004BBB54 /* HMNewsFeedDetailViewController.m in Sources */ = {isa = PBXBuildFile; fileRef = E0EDD7FD17134DA7004BBB54 /* HMNewsFeedDetailViewController.m */; };
		E0F1D2A8170C72280045983F /* HMTweetCell.m in Sources */ = {isa = PBXBuildFile; fileRef = E0F1D2A7170C72280045983F /* HMTweetCell.m */; };
		E0F453621715C85A000F97D0 /* HMSocialWebBrowserViewController.m in Sources */ = {isa = PBXBuildFile; fileRef = E0F453611715C85A000F97D0 /* HMSocialWebBrowserViewController.m */; };
		E0F4538C1715D717000F97D0 /* FacebookImage.png in Resources */ = {isa = PBXBuildFile; fileRef = E0F453881715D717000F97D0 /* FacebookImage.png */; };
		E0F4538D1715D717000F97D0 /* VimeoImage@2x.png in Resources */ = {isa = PBXBuildFile; fileRef = E0F453891715D717000F97D0 /* VimeoImage@2x.png */; };
		E0F4538E1715D717000F97D0 /* FacebookImage@2x.png in Resources */ = {isa = PBXBuildFile; fileRef = E0F4538A1715D717000F97D0 /* FacebookImage@2x.png */; };
		E0F4538F1715D717000F97D0 /* VimeoImage.png in Resources */ = {isa = PBXBuildFile; fileRef = E0F4538B1715D717000F97D0 /* VimeoImage.png */; };
		E0F4539A1715E0D4000F97D0 /* YouTubeImage@2x.png in Resources */ = {isa = PBXBuildFile; fileRef = E0F453981715E0D4000F97D0 /* YouTubeImage@2x.png */; };
		E0F4539B1715E0D4000F97D0 /* YouTubeImage.png in Resources */ = {isa = PBXBuildFile; fileRef = E0F453991715E0D4000F97D0 /* YouTubeImage.png */; };
		E0F89C6B171748B500BD5755 /* HMCheckInternetAccess.m in Sources */ = {isa = PBXBuildFile; fileRef = E0F89C6A171748B500BD5755 /* HMCheckInternetAccess.m */; };
		E0F89C6D171749C100BD5755 /* SystemConfiguration.framework in Frameworks */ = {isa = PBXBuildFile; fileRef = E0F89C6C171749C100BD5755 /* SystemConfiguration.framework */; };
		E0F8FE75171DE587005B3AC0 /* Parse.framework in Frameworks */ = {isa = PBXBuildFile; fileRef = E0F8FE74171DE587005B3AC0 /* Parse.framework */; };
		E0F8FE78171DE62A005B3AC0 /* AudioToolbox.framework in Frameworks */ = {isa = PBXBuildFile; fileRef = E0F8FE76171DE601005B3AC0 /* AudioToolbox.framework */; };
		E0F8FE80171DE683005B3AC0 /* libsqlite3.dylib in Frameworks */ = {isa = PBXBuildFile; fileRef = E0F8FE7F171DE683005B3AC0 /* libsqlite3.dylib */; };
		E0F8FE82171DE68E005B3AC0 /* libz.1.1.3.dylib in Frameworks */ = {isa = PBXBuildFile; fileRef = E0F8FE81171DE68E005B3AC0 /* libz.1.1.3.dylib */; };
		E0F8FE8B171DE70F005B3AC0 /* StoreKit.framework in Frameworks */ = {isa = PBXBuildFile; fileRef = E0F8FE89171DE6F5005B3AC0 /* StoreKit.framework */; };
		E0F8FE8C171DE717005B3AC0 /* Security.framework in Frameworks */ = {isa = PBXBuildFile; fileRef = E0F8FE87171DE6E6005B3AC0 /* Security.framework */; };
		E0F8FE8D171DE720005B3AC0 /* QuartzCore.framework in Frameworks */ = {isa = PBXBuildFile; fileRef = E0F8FE85171DE6A6005B3AC0 /* QuartzCore.framework */; };
		E0F8FE8E171DE72A005B3AC0 /* MobileCoreServices.framework in Frameworks */ = {isa = PBXBuildFile; fileRef = E0F8FE83171DE696005B3AC0 /* MobileCoreServices.framework */; };
		E0F8FE8F171DE732005B3AC0 /* CoreLocation.framework in Frameworks */ = {isa = PBXBuildFile; fileRef = E0F8FE7D171DE65B005B3AC0 /* CoreLocation.framework */; };
		E0F8FE90171DE73A005B3AC0 /* CFNetwork.framework in Frameworks */ = {isa = PBXBuildFile; fileRef = E0F8FE7B171DE645005B3AC0 /* CFNetwork.framework */; };
		E0F8FE91171DE742005B3AC0 /* AdSupport.framework in Frameworks */ = {isa = PBXBuildFile; fileRef = E0F8FE79171DE633005B3AC0 /* AdSupport.framework */; };
		E0FADB3E170DFB320006C833 /* HMMoreTableViewController.m in Sources */ = {isa = PBXBuildFile; fileRef = E0FADB3D170DFB310006C833 /* HMMoreTableViewController.m */; };
		E0FB26D5170FD6830038E3FE /* HMFFlogo.png in Resources */ = {isa = PBXBuildFile; fileRef = E0FB26D4170FD6830038E3FE /* HMFFlogo.png */; };
		E0FB26D7170FD6B10038E3FE /* HMFFlogo@2x.png in Resources */ = {isa = PBXBuildFile; fileRef = E0FB26D6170FD6B10038E3FE /* HMFFlogo@2x.png */; };
		E0FB26DA1710BCE30038E3FE /* HMNewsFeedTableViewController.m in Sources */ = {isa = PBXBuildFile; fileRef = E0FB26D91710BCE30038E3FE /* HMNewsFeedTableViewController.m */; };
/* End PBXBuildFile section */

/* Begin PBXContainerItemProxy section */
		E03C068616FBE667002AC531 /* PBXContainerItemProxy */ = {
			isa = PBXContainerItemProxy;
			containerPortal = E03C065316FBE667002AC531 /* Project object */;
			proxyType = 1;
			remoteGlobalIDString = E03C065A16FBE667002AC531;
			remoteInfo = HMFF;
		};
/* End PBXContainerItemProxy section */

/* Begin PBXFileReference section */
		E00231581704BC3400C78F1A /* TwitterButton@2x.png */ = {isa = PBXFileReference; lastKnownFileType = image.png; path = "TwitterButton@2x.png"; sourceTree = "<group>"; };
		E00231591704BC3400C78F1A /* TwitterButton.png */ = {isa = PBXFileReference; lastKnownFileType = image.png; path = TwitterButton.png; sourceTree = "<group>"; };
		E00231661704DD1900C78F1A /* HMTwitterTableViewController.h */ = {isa = PBXFileReference; fileEncoding = 4; lastKnownFileType = sourcecode.c.h; path = HMTwitterTableViewController.h; sourceTree = "<group>"; };
		E00231671704DD1900C78F1A /* HMTwitterTableViewController.m */ = {isa = PBXFileReference; fileEncoding = 4; lastKnownFileType = sourcecode.c.objc; path = HMTwitterTableViewController.m; sourceTree = "<group>"; };
		E006ED55170B1B960062CA5F /* HMTwitterDetailViewController.h */ = {isa = PBXFileReference; fileEncoding = 4; lastKnownFileType = sourcecode.c.h; path = HMTwitterDetailViewController.h; sourceTree = "<group>"; };
		E006ED56170B1B960062CA5F /* HMTwitterDetailViewController.m */ = {isa = PBXFileReference; fileEncoding = 4; lastKnownFileType = sourcecode.c.objc; path = HMTwitterDetailViewController.m; sourceTree = "<group>"; };
		E0085EB71722443F0066813E /* Default.png */ = {isa = PBXFileReference; lastKnownFileType = image.png; path = Default.png; sourceTree = "<group>"; };
		E0085EBD172244830066813E /* Default@2x.png */ = {isa = PBXFileReference; lastKnownFileType = image.png; path = "Default@2x.png"; sourceTree = "<group>"; };
		E0085EBF172244930066813E /* Default-568h@2x.png */ = {isa = PBXFileReference; lastKnownFileType = image.png; path = "Default-568h@2x.png"; sourceTree = "<group>"; };
		E00E0A08170FCC4B001EAAF2 /* HMMoreWebBrowserViewController.h */ = {isa = PBXFileReference; fileEncoding = 4; lastKnownFileType = sourcecode.c.h; path = HMMoreWebBrowserViewController.h; sourceTree = "<group>"; };
		E00E0A09170FCC4B001EAAF2 /* HMMoreWebBrowserViewController.m */ = {isa = PBXFileReference; fileEncoding = 4; lastKnownFileType = sourcecode.c.objc; path = HMMoreWebBrowserViewController.m; sourceTree = "<group>"; };
		E0139AE317024018000AE5B7 /* HMFFIcon57.png */ = {isa = PBXFileReference; lastKnownFileType = image.png; path = HMFFIcon57.png; sourceTree = "<group>"; };
		E0139AE51702401C000AE5B7 /* HMFFIcon114.png */ = {isa = PBXFileReference; lastKnownFileType = image.png; path = HMFFIcon114.png; sourceTree = "<group>"; };
		E0139AE7170240C9000AE5B7 /* HMTabBarViewController.h */ = {isa = PBXFileReference; fileEncoding = 4; lastKnownFileType = sourcecode.c.h; path = HMTabBarViewController.h; sourceTree = "<group>"; };
		E0139AE8170240C9000AE5B7 /* HMTabBarViewController.m */ = {isa = PBXFileReference; fileEncoding = 4; lastKnownFileType = sourcecode.c.objc; path = HMTabBarViewController.m; sourceTree = "<group>"; };
		E0257D901728AA0B005D7D52 /* HMBuyTicketsViewController.h */ = {isa = PBXFileReference; fileEncoding = 4; lastKnownFileType = sourcecode.c.h; path = HMBuyTicketsViewController.h; sourceTree = "<group>"; };
		E0257D911728AA0B005D7D52 /* HMBuyTicketsViewController.m */ = {isa = PBXFileReference; fileEncoding = 4; lastKnownFileType = sourcecode.c.objc; path = HMBuyTicketsViewController.m; sourceTree = "<group>"; };
		E0257D971728B8DB005D7D52 /* ticketButton.png */ = {isa = PBXFileReference; lastKnownFileType = image.png; path = ticketButton.png; sourceTree = "<group>"; };
		E0257D991728C2E1005D7D52 /* ticketButton@2x.png */ = {isa = PBXFileReference; lastKnownFileType = image.png; path = "ticketButton@2x.png"; sourceTree = "<group>"; };
		E0257DA11728C951005D7D52 /* ticketButtonSelected.png */ = {isa = PBXFileReference; lastKnownFileType = image.png; path = ticketButtonSelected.png; sourceTree = "<group>"; };
		E0257DA21728C951005D7D52 /* ticketButtonSelected@2x.png */ = {isa = PBXFileReference; lastKnownFileType = image.png; path = "ticketButtonSelected@2x.png"; sourceTree = "<group>"; };
		E02620ED173DCB4900F88B71 /* HMVideosTableViewController.h */ = {isa = PBXFileReference; fileEncoding = 4; lastKnownFileType = sourcecode.c.h; path = HMVideosTableViewController.h; sourceTree = "<group>"; };
		E02620EE173DCB4900F88B71 /* HMVideosTableViewController.m */ = {isa = PBXFileReference; fileEncoding = 4; lastKnownFileType = sourcecode.c.objc; path = HMVideosTableViewController.m; sourceTree = "<group>"; };
		E02620F0173DCB6400F88B71 /* HMVideoCell.h */ = {isa = PBXFileReference; fileEncoding = 4; lastKnownFileType = sourcecode.c.h; path = HMVideoCell.h; sourceTree = "<group>"; };
		E02620F1173DCB6400F88B71 /* HMVideoCell.m */ = {isa = PBXFileReference; fileEncoding = 4; lastKnownFileType = sourcecode.c.objc; path = HMVideoCell.m; sourceTree = "<group>"; };
		E02620F3173DCDFB00F88B71 /* Video.plist */ = {isa = PBXFileReference; fileEncoding = 4; lastKnownFileType = text.plist.xml; path = Video.plist; sourceTree = "<group>"; };
		E02CC3BB173C611F008C10FF /* HMPhotoCollectionViewController.h */ = {isa = PBXFileReference; fileEncoding = 4; lastKnownFileType = sourcecode.c.h; path = HMPhotoCollectionViewController.h; sourceTree = "<group>"; };
		E02CC3BC173C611F008C10FF /* HMPhotoCollectionViewController.m */ = {isa = PBXFileReference; fileEncoding = 4; lastKnownFileType = sourcecode.c.objc; path = HMPhotoCollectionViewController.m; sourceTree = "<group>"; };
		E02CC3BE173C61A2008C10FF /* HMPhotoCollectionCell.h */ = {isa = PBXFileReference; fileEncoding = 4; lastKnownFileType = sourcecode.c.h; path = HMPhotoCollectionCell.h; sourceTree = "<group>"; };
		E02CC3BF173C61A2008C10FF /* HMPhotoCollectionCell.m */ = {isa = PBXFileReference; fileEncoding = 4; lastKnownFileType = sourcecode.c.objc; path = HMPhotoCollectionCell.m; sourceTree = "<group>"; };
		E02CC3C1173C84E8008C10FF /* HMLargePhotoViewController.h */ = {isa = PBXFileReference; fileEncoding = 4; lastKnownFileType = sourcecode.c.h; path = HMLargePhotoViewController.h; sourceTree = "<group>"; };
		E02CC3C2173C84E8008C10FF /* HMLargePhotoViewController.m */ = {isa = PBXFileReference; fileEncoding = 4; lastKnownFileType = sourcecode.c.objc; path = HMLargePhotoViewController.m; sourceTree = "<group>"; };
		E036B72F171CA2600036B8C1 /* LISENCE_HMFF_ICONS.txt */ = {isa = PBXFileReference; fileEncoding = 4; lastKnownFileType = text; path = LISENCE_HMFF_ICONS.txt; sourceTree = "<group>"; };
		E03C065B16FBE667002AC531 /* HMFF.app */ = {isa = PBXFileReference; explicitFileType = wrapper.application; includeInIndex = 0; path = HMFF.app; sourceTree = BUILT_PRODUCTS_DIR; };
		E03C065E16FBE667002AC531 /* UIKit.framework */ = {isa = PBXFileReference; lastKnownFileType = wrapper.framework; name = UIKit.framework; path = System/Library/Frameworks/UIKit.framework; sourceTree = SDKROOT; };
		E03C066016FBE667002AC531 /* Foundation.framework */ = {isa = PBXFileReference; lastKnownFileType = wrapper.framework; name = Foundation.framework; path = System/Library/Frameworks/Foundation.framework; sourceTree = SDKROOT; };
		E03C066216FBE667002AC531 /* CoreGraphics.framework */ = {isa = PBXFileReference; lastKnownFileType = wrapper.framework; name = CoreGraphics.framework; path = System/Library/Frameworks/CoreGraphics.framework; sourceTree = SDKROOT; };
		E03C066416FBE667002AC531 /* CoreData.framework */ = {isa = PBXFileReference; lastKnownFileType = wrapper.framework; name = CoreData.framework; path = System/Library/Frameworks/CoreData.framework; sourceTree = SDKROOT; };
		E03C066816FBE667002AC531 /* HMFF-Info.plist */ = {isa = PBXFileReference; lastKnownFileType = text.plist.xml; path = "HMFF-Info.plist"; sourceTree = "<group>"; };
		E03C066A16FBE667002AC531 /* en */ = {isa = PBXFileReference; lastKnownFileType = text.plist.strings; name = en; path = en.lproj/InfoPlist.strings; sourceTree = "<group>"; };
		E03C066C16FBE667002AC531 /* main.m */ = {isa = PBXFileReference; lastKnownFileType = sourcecode.c.objc; path = main.m; sourceTree = "<group>"; };
		E03C066E16FBE667002AC531 /* HMFF-Prefix.pch */ = {isa = PBXFileReference; lastKnownFileType = sourcecode.c.h; path = "HMFF-Prefix.pch"; sourceTree = "<group>"; };
		E03C066F16FBE667002AC531 /* HMAppDelegate.h */ = {isa = PBXFileReference; lastKnownFileType = sourcecode.c.h; path = HMAppDelegate.h; sourceTree = "<group>"; };
		E03C067016FBE667002AC531 /* HMAppDelegate.m */ = {isa = PBXFileReference; lastKnownFileType = sourcecode.c.objc; path = HMAppDelegate.m; sourceTree = "<group>"; };
		E03C067216FBE667002AC531 /* Default.png */ = {isa = PBXFileReference; lastKnownFileType = image.png; path = Default.png; sourceTree = "<group>"; };
		E03C067416FBE667002AC531 /* Default@2x.png */ = {isa = PBXFileReference; lastKnownFileType = image.png; path = "Default@2x.png"; sourceTree = "<group>"; };
		E03C067616FBE667002AC531 /* Default-568h@2x.png */ = {isa = PBXFileReference; lastKnownFileType = image.png; path = "Default-568h@2x.png"; sourceTree = "<group>"; };
		E03C067916FBE667002AC531 /* HMFF.xcdatamodel */ = {isa = PBXFileReference; lastKnownFileType = wrapper.xcdatamodel; path = HMFF.xcdatamodel; sourceTree = "<group>"; };
		E03C068016FBE667002AC531 /* HMFFTests.octest */ = {isa = PBXFileReference; explicitFileType = wrapper.cfbundle; includeInIndex = 0; path = HMFFTests.octest; sourceTree = BUILT_PRODUCTS_DIR; };
		E03C068116FBE667002AC531 /* SenTestingKit.framework */ = {isa = PBXFileReference; lastKnownFileType = wrapper.framework; name = SenTestingKit.framework; path = Library/Frameworks/SenTestingKit.framework; sourceTree = DEVELOPER_DIR; };
		E03C068A16FBE667002AC531 /* HMFFTests-Info.plist */ = {isa = PBXFileReference; lastKnownFileType = text.plist.xml; path = "HMFFTests-Info.plist"; sourceTree = "<group>"; };
		E03C068C16FBE667002AC531 /* en */ = {isa = PBXFileReference; lastKnownFileType = text.plist.strings; name = en; path = en.lproj/InfoPlist.strings; sourceTree = "<group>"; };
		E03C068E16FBE667002AC531 /* HMFFTests.h */ = {isa = PBXFileReference; lastKnownFileType = sourcecode.c.h; path = HMFFTests.h; sourceTree = "<group>"; };
		E03C068F16FBE667002AC531 /* HMFFTests.m */ = {isa = PBXFileReference; lastKnownFileType = sourcecode.c.objc; path = HMFFTests.m; sourceTree = "<group>"; };
		E03C069916FBE6A4002AC531 /* Storyboard.storyboard */ = {isa = PBXFileReference; fileEncoding = 4; lastKnownFileType = file.storyboard; path = Storyboard.storyboard; sourceTree = "<group>"; };
		E04143FF1723770600DB5B4E /* HMBandWebBrowserViewController.h */ = {isa = PBXFileReference; fileEncoding = 4; lastKnownFileType = sourcecode.c.h; path = HMBandWebBrowserViewController.h; sourceTree = "<group>"; };
		E04144001723770700DB5B4E /* HMBandWebBrowserViewController.m */ = {isa = PBXFileReference; fileEncoding = 4; lastKnownFileType = sourcecode.c.objc; path = HMBandWebBrowserViewController.m; sourceTree = "<group>"; };
		E048DF491762EA7D00D7232E /* HMBandCell.h */ = {isa = PBXFileReference; fileEncoding = 4; lastKnownFileType = sourcecode.c.h; path = HMBandCell.h; sourceTree = "<group>"; };
		E048DF4A1762EA7D00D7232E /* HMBandCell.m */ = {isa = PBXFileReference; fileEncoding = 4; lastKnownFileType = sourcecode.c.objc; path = HMBandCell.m; sourceTree = "<group>"; };
		E04B1107171604A6006A52EF /* TwitterImage.png */ = {isa = PBXFileReference; lastKnownFileType = image.png; path = TwitterImage.png; sourceTree = "<group>"; };
		E04B1108171604A6006A52EF /* TwitterImage@2x.png */ = {isa = PBXFileReference; lastKnownFileType = image.png; path = "TwitterImage@2x.png"; sourceTree = "<group>"; };
		E0537DA31720C896000D4AB8 /* forwardButton.png */ = {isa = PBXFileReference; lastKnownFileType = image.png; path = forwardButton.png; sourceTree = "<group>"; };
		E0537DA41720C896000D4AB8 /* forwardButton@2x.png */ = {isa = PBXFileReference; lastKnownFileType = image.png; path = "forwardButton@2x.png"; sourceTree = "<group>"; };
		E09643FA172B073C0037288E /* HMFFlogo3.png */ = {isa = PBXFileReference; lastKnownFileType = image.png; path = HMFFlogo3.png; sourceTree = "<group>"; };
		E09FCFC9171851CF00DFD7C9 /* HMFirstTableViewController.h */ = {isa = PBXFileReference; fileEncoding = 4; lastKnownFileType = sourcecode.c.h; path = HMFirstTableViewController.h; sourceTree = "<group>"; };
		E09FCFCA171851CF00DFD7C9 /* HMFirstTableViewController.m */ = {isa = PBXFileReference; fileEncoding = 4; lastKnownFileType = sourcecode.c.objc; path = HMFirstTableViewController.m; sourceTree = "<group>"; };
		E09FCFCC171851DC00DFD7C9 /* HMSecondTableViewController.h */ = {isa = PBXFileReference; fileEncoding = 4; lastKnownFileType = sourcecode.c.h; path = HMSecondTableViewController.h; sourceTree = "<group>"; };
		E09FCFCD171851DC00DFD7C9 /* HMSecondTableViewController.m */ = {isa = PBXFileReference; fileEncoding = 4; lastKnownFileType = sourcecode.c.objc; path = HMSecondTableViewController.m; sourceTree = "<group>"; };
		E09FCFD1171896A500DFD7C9 /* Schedule.storyboard */ = {isa = PBXFileReference; fileEncoding = 4; lastKnownFileType = file.storyboard; path = Schedule.storyboard; sourceTree = "<group>"; };
		E09FCFD31718979900DFD7C9 /* HMScheduleNavigationViewController.h */ = {isa = PBXFileReference; fileEncoding = 4; lastKnownFileType = sourcecode.c.h; path = HMScheduleNavigationViewController.h; sourceTree = "<group>"; };
		E09FCFD41718979900DFD7C9 /* HMScheduleNavigationViewController.m */ = {isa = PBXFileReference; fileEncoding = 4; lastKnownFileType = sourcecode.c.objc; path = HMScheduleNavigationViewController.m; sourceTree = "<group>"; };
		E09FCFD61718F17400DFD7C9 /* HMScheduleViewController.h */ = {isa = PBXFileReference; fileEncoding = 4; lastKnownFileType = sourcecode.c.h; path = HMScheduleViewController.h; sourceTree = "<group>"; };
		E09FCFD71718F17400DFD7C9 /* HMScheduleViewController.m */ = {isa = PBXFileReference; fileEncoding = 4; lastKnownFileType = sourcecode.c.objc; path = HMScheduleViewController.m; sourceTree = "<group>"; };
		E09FCFD91718F1F800DFD7C9 /* HMScheduleScrollViewController.h */ = {isa = PBXFileReference; fileEncoding = 4; lastKnownFileType = sourcecode.c.h; path = HMScheduleScrollViewController.h; sourceTree = "<group>"; };
		E09FCFDA1718F1F800DFD7C9 /* HMScheduleScrollViewController.m */ = {isa = PBXFileReference; fileEncoding = 4; lastKnownFileType = sourcecode.c.objc; path = HMScheduleScrollViewController.m; sourceTree = "<group>"; };
		E0A89A571703DCF70070F731 /* NoteIcon.png */ = {isa = PBXFileReference; lastKnownFileType = image.png; path = NoteIcon.png; sourceTree = "<group>"; };
		E0A89A591705219D0070F731 /* Twitter.framework */ = {isa = PBXFileReference; lastKnownFileType = wrapper.framework; name = Twitter.framework; path = System/Library/Frameworks/Twitter.framework; sourceTree = SDKROOT; };
		E0B3A232174721FD00DDBF91 /* HMSplashViewController.h */ = {isa = PBXFileReference; fileEncoding = 4; lastKnownFileType = sourcecode.c.h; path = HMSplashViewController.h; sourceTree = "<group>"; };
		E0B3A233174721FD00DDBF91 /* HMSplashViewController.m */ = {isa = PBXFileReference; fileEncoding = 4; lastKnownFileType = sourcecode.c.objc; path = HMSplashViewController.m; sourceTree = "<group>"; };
		E0B3A23A174727F000DDBF91 /* HMDataFeedManager.h */ = {isa = PBXFileReference; fileEncoding = 4; lastKnownFileType = sourcecode.c.h; path = HMDataFeedManager.h; sourceTree = "<group>"; };
		E0B3A23B174727F000DDBF91 /* HMDataFeedManager.m */ = {isa = PBXFileReference; fileEncoding = 4; lastKnownFileType = sourcecode.c.objc; path = HMDataFeedManager.m; sourceTree = "<group>"; };
		E0BC622E17036D7200EFB287 /* EmailButton@2x.png */ = {isa = PBXFileReference; lastKnownFileType = image.png; path = "EmailButton@2x.png"; sourceTree = "<group>"; };
		E0BC622F17036D7200EFB287 /* EmailButton.png */ = {isa = PBXFileReference; lastKnownFileType = image.png; path = EmailButton.png; sourceTree = "<group>"; };
		E0BC62321703723F00EFB287 /* EmailButtonSelected.png */ = {isa = PBXFileReference; lastKnownFileType = image.png; path = EmailButtonSelected.png; sourceTree = "<group>"; };
		E0BC62331703723F00EFB287 /* EmailButtonSelected@2x.png */ = {isa = PBXFileReference; lastKnownFileType = image.png; path = "EmailButtonSelected@2x.png"; sourceTree = "<group>"; };
		E0BDB728171F76DF00B11A19 /* TwitterBird.png */ = {isa = PBXFileReference; lastKnownFileType = image.png; path = TwitterBird.png; sourceTree = "<group>"; };
		E0BDB72B171F772900B11A19 /* TwitterBird@2x.png */ = {isa = PBXFileReference; lastKnownFileType = image.png; path = "TwitterBird@2x.png"; sourceTree = "<group>"; };
		E0BDB72D171F77C200B11A19 /* News.png */ = {isa = PBXFileReference; lastKnownFileType = image.png; path = News.png; sourceTree = "<group>"; };
		E0BDB72E171F77C200B11A19 /* News@2x.png */ = {isa = PBXFileReference; lastKnownFileType = image.png; path = "News@2x.png"; sourceTree = "<group>"; };
		E0BDB735171F78F500B11A19 /* SocialThumbsUp.png */ = {isa = PBXFileReference; lastKnownFileType = image.png; path = SocialThumbsUp.png; sourceTree = "<group>"; };
		E0BDB737171F78FB00B11A19 /* SocialThumbsUp@2x.png */ = {isa = PBXFileReference; lastKnownFileType = image.png; path = "SocialThumbsUp@2x.png"; sourceTree = "<group>"; };
		E0BDB73B171F7C4D00B11A19 /* ScheduleMegaphone.png */ = {isa = PBXFileReference; lastKnownFileType = image.png; path = ScheduleMegaphone.png; sourceTree = "<group>"; };
		E0BDB73F171F7CC500B11A19 /* ScheduleMegaphone@2x.png */ = {isa = PBXFileReference; lastKnownFileType = image.png; path = "ScheduleMegaphone@2x.png"; sourceTree = "<group>"; };
		E0BDB746171F80AB00B11A19 /* HMFFButtonImage.png */ = {isa = PBXFileReference; lastKnownFileType = image.png; path = HMFFButtonImage.png; sourceTree = "<group>"; };
		E0BDB747171F80AB00B11A19 /* HMFFButtonImage@2x.png */ = {isa = PBXFileReference; lastKnownFileType = image.png; path = "HMFFButtonImage@2x.png"; sourceTree = "<group>"; };
		E0CCA16D16FBEB39007BC613 /* HMNewsFeedViewController.h */ = {isa = PBXFileReference; fileEncoding = 4; lastKnownFileType = sourcecode.c.h; path = HMNewsFeedViewController.h; sourceTree = "<group>"; };
		E0CCA16E16FBEB39007BC613 /* HMNewsFeedViewController.m */ = {isa = PBXFileReference; fileEncoding = 4; lastKnownFileType = sourcecode.c.objc; path = HMNewsFeedViewController.m; sourceTree = "<group>"; };
		E0CCA17016FBEB48007BC613 /* HMTwitterViewController.h */ = {isa = PBXFileReference; fileEncoding = 4; lastKnownFileType = sourcecode.c.h; path = HMTwitterViewController.h; sourceTree = "<group>"; };
		E0CCA17116FBEB48007BC613 /* HMTwitterViewController.m */ = {isa = PBXFileReference; fileEncoding = 4; lastKnownFileType = sourcecode.c.objc; path = HMTwitterViewController.m; sourceTree = "<group>"; };
		E0CCA17316FBEB56007BC613 /* HMSocialViewController.h */ = {isa = PBXFileReference; fileEncoding = 4; lastKnownFileType = sourcecode.c.h; path = HMSocialViewController.h; sourceTree = "<group>"; };
		E0CCA17416FBEB56007BC613 /* HMSocialViewController.m */ = {isa = PBXFileReference; fileEncoding = 4; lastKnownFileType = sourcecode.c.objc; path = HMSocialViewController.m; sourceTree = "<group>"; };
		E0CCA17616FBEB63007BC613 /* HMMoreViewController.h */ = {isa = PBXFileReference; fileEncoding = 4; lastKnownFileType = sourcecode.c.h; path = HMMoreViewController.h; sourceTree = "<group>"; };
		E0CCA17716FBEB63007BC613 /* HMMoreViewController.m */ = {isa = PBXFileReference; fileEncoding = 4; lastKnownFileType = sourcecode.c.objc; path = HMMoreViewController.m; sourceTree = "<group>"; };
		E0D4E7C9170086A9002AC1E4 /* HMCoreDataHelper.h */ = {isa = PBXFileReference; fileEncoding = 4; lastKnownFileType = sourcecode.c.h; path = HMCoreDataHelper.h; sourceTree = "<group>"; };
		E0D4E7CA170086A9002AC1E4 /* HMCoreDataHelper.m */ = {isa = PBXFileReference; fileEncoding = 4; lastKnownFileType = sourcecode.c.objc; path = HMCoreDataHelper.m; sourceTree = "<group>"; };
		E0D8D8D31720DB5200752A29 /* HMVenueCell.h */ = {isa = PBXFileReference; fileEncoding = 4; lastKnownFileType = sourcecode.c.h; path = HMVenueCell.h; sourceTree = "<group>"; };
		E0D8D8D41720DB5200752A29 /* HMVenueCell.m */ = {isa = PBXFileReference; fileEncoding = 4; lastKnownFileType = sourcecode.c.objc; path = HMVenueCell.m; sourceTree = "<group>"; };
		E0EB5EB0171447E900C444CE /* HMNewsFeedCell.h */ = {isa = PBXFileReference; fileEncoding = 4; lastKnownFileType = sourcecode.c.h; path = HMNewsFeedCell.h; sourceTree = "<group>"; };
		E0EB5EB1171447E900C444CE /* HMNewsFeedCell.m */ = {isa = PBXFileReference; fileEncoding = 4; lastKnownFileType = sourcecode.c.objc; path = HMNewsFeedCell.m; sourceTree = "<group>"; };
		E0EB5EB31714596A00C444CE /* MessageUI.framework */ = {isa = PBXFileReference; lastKnownFileType = wrapper.framework; name = MessageUI.framework; path = System/Library/Frameworks/MessageUI.framework; sourceTree = SDKROOT; };
		E0EB5EB617145A5C00C444CE /* Social.framework */ = {isa = PBXFileReference; lastKnownFileType = wrapper.framework; name = Social.framework; path = System/Library/Frameworks/Social.framework; sourceTree = SDKROOT; };
		E0EB5EB817145A6300C444CE /* Accounts.framework */ = {isa = PBXFileReference; lastKnownFileType = wrapper.framework; name = Accounts.framework; path = System/Library/Frameworks/Accounts.framework; sourceTree = SDKROOT; };
		E0EDD7F217133323004BBB54 /* backButton.png */ = {isa = PBXFileReference; lastKnownFileType = image.png; path = backButton.png; sourceTree = "<group>"; };
		E0EDD7F4171333F9004BBB54 /* backButton@2x.png */ = {isa = PBXFileReference; lastKnownFileType = image.png; path = "backButton@2x.png"; sourceTree = "<group>"; };
		E0EDD7FC17134DA7004BBB54 /* HMNewsFeedDetailViewController.h */ = {isa = PBXFileReference; fileEncoding = 4; lastKnownFileType = sourcecode.c.h; path = HMNewsFeedDetailViewController.h; sourceTree = "<group>"; };
		E0EDD7FD17134DA7004BBB54 /* HMNewsFeedDetailViewController.m */ = {isa = PBXFileReference; fileEncoding = 4; lastKnownFileType = sourcecode.c.objc; path = HMNewsFeedDetailViewController.m; sourceTree = "<group>"; };
		E0F1D2A6170C72280045983F /* HMTweetCell.h */ = {isa = PBXFileReference; fileEncoding = 4; lastKnownFileType = sourcecode.c.h; path = HMTweetCell.h; sourceTree = "<group>"; };
		E0F1D2A7170C72280045983F /* HMTweetCell.m */ = {isa = PBXFileReference; fileEncoding = 4; lastKnownFileType = sourcecode.c.objc; path = HMTweetCell.m; sourceTree = "<group>"; };
		E0F453601715C85A000F97D0 /* HMSocialWebBrowserViewController.h */ = {isa = PBXFileReference; fileEncoding = 4; lastKnownFileType = sourcecode.c.h; path = HMSocialWebBrowserViewController.h; sourceTree = "<group>"; };
		E0F453611715C85A000F97D0 /* HMSocialWebBrowserViewController.m */ = {isa = PBXFileReference; fileEncoding = 4; lastKnownFileType = sourcecode.c.objc; path = HMSocialWebBrowserViewController.m; sourceTree = "<group>"; };
		E0F453881715D717000F97D0 /* FacebookImage.png */ = {isa = PBXFileReference; lastKnownFileType = image.png; path = FacebookImage.png; sourceTree = "<group>"; };
		E0F453891715D717000F97D0 /* VimeoImage@2x.png */ = {isa = PBXFileReference; lastKnownFileType = image.png; path = "VimeoImage@2x.png"; sourceTree = "<group>"; };
		E0F4538A1715D717000F97D0 /* FacebookImage@2x.png */ = {isa = PBXFileReference; lastKnownFileType = image.png; path = "FacebookImage@2x.png"; sourceTree = "<group>"; };
		E0F4538B1715D717000F97D0 /* VimeoImage.png */ = {isa = PBXFileReference; lastKnownFileType = image.png; path = VimeoImage.png; sourceTree = "<group>"; };
		E0F453981715E0D4000F97D0 /* YouTubeImage@2x.png */ = {isa = PBXFileReference; lastKnownFileType = image.png; path = "YouTubeImage@2x.png"; sourceTree = "<group>"; };
		E0F453991715E0D4000F97D0 /* YouTubeImage.png */ = {isa = PBXFileReference; lastKnownFileType = image.png; path = YouTubeImage.png; sourceTree = "<group>"; };
		E0F89C69171748B500BD5755 /* HMCheckInternetAccess.h */ = {isa = PBXFileReference; fileEncoding = 4; lastKnownFileType = sourcecode.c.h; path = HMCheckInternetAccess.h; sourceTree = "<group>"; };
		E0F89C6A171748B500BD5755 /* HMCheckInternetAccess.m */ = {isa = PBXFileReference; fileEncoding = 4; lastKnownFileType = sourcecode.c.objc; path = HMCheckInternetAccess.m; sourceTree = "<group>"; };
		E0F89C6C171749C100BD5755 /* SystemConfiguration.framework */ = {isa = PBXFileReference; lastKnownFileType = wrapper.framework; name = SystemConfiguration.framework; path = System/Library/Frameworks/SystemConfiguration.framework; sourceTree = SDKROOT; };
		E0F8FE74171DE587005B3AC0 /* Parse.framework */ = {isa = PBXFileReference; lastKnownFileType = wrapper.framework; path = Parse.framework; sourceTree = "<group>"; };
		E0F8FE76171DE601005B3AC0 /* AudioToolbox.framework */ = {isa = PBXFileReference; lastKnownFileType = wrapper.framework; name = AudioToolbox.framework; path = System/Library/Frameworks/AudioToolbox.framework; sourceTree = SDKROOT; };
		E0F8FE79171DE633005B3AC0 /* AdSupport.framework */ = {isa = PBXFileReference; lastKnownFileType = wrapper.framework; name = AdSupport.framework; path = System/Library/Frameworks/AdSupport.framework; sourceTree = SDKROOT; };
		E0F8FE7B171DE645005B3AC0 /* CFNetwork.framework */ = {isa = PBXFileReference; lastKnownFileType = wrapper.framework; name = CFNetwork.framework; path = System/Library/Frameworks/CFNetwork.framework; sourceTree = SDKROOT; };
		E0F8FE7D171DE65B005B3AC0 /* CoreLocation.framework */ = {isa = PBXFileReference; lastKnownFileType = wrapper.framework; name = CoreLocation.framework; path = System/Library/Frameworks/CoreLocation.framework; sourceTree = SDKROOT; };
		E0F8FE7F171DE683005B3AC0 /* libsqlite3.dylib */ = {isa = PBXFileReference; lastKnownFileType = "compiled.mach-o.dylib"; name = libsqlite3.dylib; path = usr/lib/libsqlite3.dylib; sourceTree = SDKROOT; };
		E0F8FE81171DE68E005B3AC0 /* libz.1.1.3.dylib */ = {isa = PBXFileReference; lastKnownFileType = "compiled.mach-o.dylib"; name = libz.1.1.3.dylib; path = usr/lib/libz.1.1.3.dylib; sourceTree = SDKROOT; };
		E0F8FE83171DE696005B3AC0 /* MobileCoreServices.framework */ = {isa = PBXFileReference; lastKnownFileType = wrapper.framework; name = MobileCoreServices.framework; path = System/Library/Frameworks/MobileCoreServices.framework; sourceTree = SDKROOT; };
		E0F8FE85171DE6A6005B3AC0 /* QuartzCore.framework */ = {isa = PBXFileReference; lastKnownFileType = wrapper.framework; name = QuartzCore.framework; path = System/Library/Frameworks/QuartzCore.framework; sourceTree = SDKROOT; };
		E0F8FE87171DE6E6005B3AC0 /* Security.framework */ = {isa = PBXFileReference; lastKnownFileType = wrapper.framework; name = Security.framework; path = System/Library/Frameworks/Security.framework; sourceTree = SDKROOT; };
		E0F8FE89171DE6F5005B3AC0 /* StoreKit.framework */ = {isa = PBXFileReference; lastKnownFileType = wrapper.framework; name = StoreKit.framework; path = System/Library/Frameworks/StoreKit.framework; sourceTree = SDKROOT; };
		E0FADB3C170DFB310006C833 /* HMMoreTableViewController.h */ = {isa = PBXFileReference; fileEncoding = 4; lastKnownFileType = sourcecode.c.h; path = HMMoreTableViewController.h; sourceTree = "<group>"; };
		E0FADB3D170DFB310006C833 /* HMMoreTableViewController.m */ = {isa = PBXFileReference; fileEncoding = 4; lastKnownFileType = sourcecode.c.objc; path = HMMoreTableViewController.m; sourceTree = "<group>"; };
		E0FB26D4170FD6830038E3FE /* HMFFlogo.png */ = {isa = PBXFileReference; lastKnownFileType = image.png; path = HMFFlogo.png; sourceTree = "<group>"; };
		E0FB26D6170FD6B10038E3FE /* HMFFlogo@2x.png */ = {isa = PBXFileReference; lastKnownFileType = image.png; path = "HMFFlogo@2x.png"; sourceTree = "<group>"; };
		E0FB26D81710BCE30038E3FE /* HMNewsFeedTableViewController.h */ = {isa = PBXFileReference; fileEncoding = 4; lastKnownFileType = sourcecode.c.h; path = HMNewsFeedTableViewController.h; sourceTree = "<group>"; };
		E0FB26D91710BCE30038E3FE /* HMNewsFeedTableViewController.m */ = {isa = PBXFileReference; fileEncoding = 4; lastKnownFileType = sourcecode.c.objc; path = HMNewsFeedTableViewController.m; sourceTree = "<group>"; };
/* End PBXFileReference section */

/* Begin PBXFrameworksBuildPhase section */
		E03C065816FBE667002AC531 /* Frameworks */ = {
			isa = PBXFrameworksBuildPhase;
			buildActionMask = 2147483647;
			files = (
				E0F8FE91171DE742005B3AC0 /* AdSupport.framework in Frameworks */,
				E0F8FE90171DE73A005B3AC0 /* CFNetwork.framework in Frameworks */,
				E0F8FE8F171DE732005B3AC0 /* CoreLocation.framework in Frameworks */,
				E0F8FE8E171DE72A005B3AC0 /* MobileCoreServices.framework in Frameworks */,
				E0F8FE8D171DE720005B3AC0 /* QuartzCore.framework in Frameworks */,
				E0F8FE8C171DE717005B3AC0 /* Security.framework in Frameworks */,
				E0F8FE8B171DE70F005B3AC0 /* StoreKit.framework in Frameworks */,
				E0F8FE82171DE68E005B3AC0 /* libz.1.1.3.dylib in Frameworks */,
				E0F8FE80171DE683005B3AC0 /* libsqlite3.dylib in Frameworks */,
				E0F8FE78171DE62A005B3AC0 /* AudioToolbox.framework in Frameworks */,
				E0F89C6D171749C100BD5755 /* SystemConfiguration.framework in Frameworks */,
				E0EB5EBB17145A7600C444CE /* Accounts.framework in Frameworks */,
				E0EB5EBA17145A7000C444CE /* Social.framework in Frameworks */,
				E0EB5EB51714598500C444CE /* MessageUI.framework in Frameworks */,
				E0A89A5B170521D60070F731 /* Twitter.framework in Frameworks */,
				E03C065F16FBE667002AC531 /* UIKit.framework in Frameworks */,
				E03C066116FBE667002AC531 /* Foundation.framework in Frameworks */,
				E03C066316FBE667002AC531 /* CoreGraphics.framework in Frameworks */,
				E03C066516FBE667002AC531 /* CoreData.framework in Frameworks */,
				E0F8FE75171DE587005B3AC0 /* Parse.framework in Frameworks */,
			);
			runOnlyForDeploymentPostprocessing = 0;
		};
		E03C067C16FBE667002AC531 /* Frameworks */ = {
			isa = PBXFrameworksBuildPhase;
			buildActionMask = 2147483647;
			files = (
				E03C068216FBE667002AC531 /* SenTestingKit.framework in Frameworks */,
				E03C068316FBE667002AC531 /* UIKit.framework in Frameworks */,
				E03C068416FBE667002AC531 /* Foundation.framework in Frameworks */,
				E03C068516FBE667002AC531 /* CoreData.framework in Frameworks */,
			);
			runOnlyForDeploymentPostprocessing = 0;
		};
/* End PBXFrameworksBuildPhase section */

/* Begin PBXGroup section */
		E0257D8D1728A974005D7D52 /* StoryBoards */ = {
			isa = PBXGroup;
			children = (
				E09FCFD1171896A500DFD7C9 /* Schedule.storyboard */,
				E03C069916FBE6A4002AC531 /* Storyboard.storyboard */,
			);
			name = StoryBoards;
			sourceTree = "<group>";
		};
		E0257D8F1728A9D4005D7D52 /* Helpers */ = {
			isa = PBXGroup;
			children = (
				E0F89C69171748B500BD5755 /* HMCheckInternetAccess.h */,
				E0F89C6A171748B500BD5755 /* HMCheckInternetAccess.m */,
				E0257D901728AA0B005D7D52 /* HMBuyTicketsViewController.h */,
				E0257D911728AA0B005D7D52 /* HMBuyTicketsViewController.m */,
				E0B3A23A174727F000DDBF91 /* HMDataFeedManager.h */,
				E0B3A23B174727F000DDBF91 /* HMDataFeedManager.m */,
			);
			name = Helpers;
			sourceTree = "<group>";
		};
		E03C065216FBE667002AC531 = {
			isa = PBXGroup;
			children = (
				E0085EBF172244930066813E /* Default-568h@2x.png */,
				E0085EBD172244830066813E /* Default@2x.png */,
				E0085EB71722443F0066813E /* Default.png */,
				E0139AE51702401C000AE5B7 /* HMFFIcon114.png */,
				E0139AE317024018000AE5B7 /* HMFFIcon57.png */,
				E03C066616FBE667002AC531 /* HMFF */,
				E03C068816FBE667002AC531 /* HMFFTests */,
				E03C065D16FBE667002AC531 /* Frameworks */,
				E03C065C16FBE667002AC531 /* Products */,
			);
			sourceTree = "<group>";
		};
		E03C065C16FBE667002AC531 /* Products */ = {
			isa = PBXGroup;
			children = (
				E03C065B16FBE667002AC531 /* HMFF.app */,
				E03C068016FBE667002AC531 /* HMFFTests.octest */,
			);
			name = Products;
			sourceTree = "<group>";
		};
		E03C065D16FBE667002AC531 /* Frameworks */ = {
			isa = PBXGroup;
			children = (
				E0F8FE81171DE68E005B3AC0 /* libz.1.1.3.dylib */,
				E0F8FE7F171DE683005B3AC0 /* libsqlite3.dylib */,
				E0F8FE89171DE6F5005B3AC0 /* StoreKit.framework */,
				E0F8FE87171DE6E6005B3AC0 /* Security.framework */,
				E0F8FE85171DE6A6005B3AC0 /* QuartzCore.framework */,
				E0F8FE83171DE696005B3AC0 /* MobileCoreServices.framework */,
				E0F8FE7D171DE65B005B3AC0 /* CoreLocation.framework */,
				E0F8FE7B171DE645005B3AC0 /* CFNetwork.framework */,
				E0F8FE79171DE633005B3AC0 /* AdSupport.framework */,
				E0F8FE76171DE601005B3AC0 /* AudioToolbox.framework */,
				E0F8FE74171DE587005B3AC0 /* Parse.framework */,
				E0F89C6C171749C100BD5755 /* SystemConfiguration.framework */,
				E0EB5EB817145A6300C444CE /* Accounts.framework */,
				E0EB5EB617145A5C00C444CE /* Social.framework */,
				E0EB5EB31714596A00C444CE /* MessageUI.framework */,
				E0A89A591705219D0070F731 /* Twitter.framework */,
				E03C065E16FBE667002AC531 /* UIKit.framework */,
				E03C066016FBE667002AC531 /* Foundation.framework */,
				E03C066216FBE667002AC531 /* CoreGraphics.framework */,
				E03C066416FBE667002AC531 /* CoreData.framework */,
				E03C068116FBE667002AC531 /* SenTestingKit.framework */,
			);
			name = Frameworks;
			sourceTree = "<group>";
		};
		E03C066616FBE667002AC531 /* HMFF */ = {
			isa = PBXGroup;
			children = (
				E0B3A231174721E400DDBF91 /* Splash */,
				E03C069B16FBE901002AC531 /* Schedule */,
				E03C069C16FBE926002AC531 /* News Feed */,
				E03C069D16FBE92A002AC531 /* Twitter */,
				E03C069E16FBE92F002AC531 /* Social */,
				E03C069F16FBE932002AC531 /* More */,
				E03C06A116FBE96F002AC531 /* Images */,
				E03C06A016FBE936002AC531 /* Core Data */,
				E03C066716FBE667002AC531 /* Supporting Files */,
			);
			path = HMFF;
			sourceTree = "<group>";
		};
		E03C066716FBE667002AC531 /* Supporting Files */ = {
			isa = PBXGroup;
			children = (
				E0257D8F1728A9D4005D7D52 /* Helpers */,
				E03C066F16FBE667002AC531 /* HMAppDelegate.h */,
				E03C067016FBE667002AC531 /* HMAppDelegate.m */,
				E0139AE7170240C9000AE5B7 /* HMTabBarViewController.h */,
				E0139AE8170240C9000AE5B7 /* HMTabBarViewController.m */,
				E0257D8D1728A974005D7D52 /* StoryBoards */,
				E03C067816FBE667002AC531 /* HMFF.xcdatamodeld */,
				E03C066816FBE667002AC531 /* HMFF-Info.plist */,
				E036B72F171CA2600036B8C1 /* LISENCE_HMFF_ICONS.txt */,
				E03C066916FBE667002AC531 /* InfoPlist.strings */,
				E03C066C16FBE667002AC531 /* main.m */,
				E03C066E16FBE667002AC531 /* HMFF-Prefix.pch */,
				E03C067216FBE667002AC531 /* Default.png */,
				E03C067416FBE667002AC531 /* Default@2x.png */,
				E03C067616FBE667002AC531 /* Default-568h@2x.png */,
			);
			name = "Supporting Files";
			sourceTree = "<group>";
		};
		E03C068816FBE667002AC531 /* HMFFTests */ = {
			isa = PBXGroup;
			children = (
				E03C068E16FBE667002AC531 /* HMFFTests.h */,
				E03C068F16FBE667002AC531 /* HMFFTests.m */,
				E03C068916FBE667002AC531 /* Supporting Files */,
			);
			path = HMFFTests;
			sourceTree = "<group>";
		};
		E03C068916FBE667002AC531 /* Supporting Files */ = {
			isa = PBXGroup;
			children = (
				E03C068A16FBE667002AC531 /* HMFFTests-Info.plist */,
				E03C068B16FBE667002AC531 /* InfoPlist.strings */,
			);
			name = "Supporting Files";
			sourceTree = "<group>";
		};
		E03C069B16FBE901002AC531 /* Schedule */ = {
			isa = PBXGroup;
			children = (
				E09FCFD61718F17400DFD7C9 /* HMScheduleViewController.h */,
				E09FCFD71718F17400DFD7C9 /* HMScheduleViewController.m */,
				E09FCFD91718F1F800DFD7C9 /* HMScheduleScrollViewController.h */,
				E09FCFDA1718F1F800DFD7C9 /* HMScheduleScrollViewController.m */,
				E09FCFC9171851CF00DFD7C9 /* HMFirstTableViewController.h */,
				E09FCFCA171851CF00DFD7C9 /* HMFirstTableViewController.m */,
				E09FCFCC171851DC00DFD7C9 /* HMSecondTableViewController.h */,
				E09FCFCD171851DC00DFD7C9 /* HMSecondTableViewController.m */,
				E09FCFD31718979900DFD7C9 /* HMScheduleNavigationViewController.h */,
				E09FCFD41718979900DFD7C9 /* HMScheduleNavigationViewController.m */,
				E04143FF1723770600DB5B4E /* HMBandWebBrowserViewController.h */,
				E04144001723770700DB5B4E /* HMBandWebBrowserViewController.m */,
				E0D8D8D31720DB5200752A29 /* HMVenueCell.h */,
				E0D8D8D41720DB5200752A29 /* HMVenueCell.m */,
				E048DF491762EA7D00D7232E /* HMBandCell.h */,
				E048DF4A1762EA7D00D7232E /* HMBandCell.m */,
			);
			name = Schedule;
			sourceTree = "<group>";
		};
		E03C069C16FBE926002AC531 /* News Feed */ = {
			isa = PBXGroup;
			children = (
				E0CCA16D16FBEB39007BC613 /* HMNewsFeedViewController.h */,
				E0CCA16E16FBEB39007BC613 /* HMNewsFeedViewController.m */,
				E0FB26D81710BCE30038E3FE /* HMNewsFeedTableViewController.h */,
				E0FB26D91710BCE30038E3FE /* HMNewsFeedTableViewController.m */,
				E0EDD7FC17134DA7004BBB54 /* HMNewsFeedDetailViewController.h */,
				E0EDD7FD17134DA7004BBB54 /* HMNewsFeedDetailViewController.m */,
				E0EB5EB0171447E900C444CE /* HMNewsFeedCell.h */,
				E0EB5EB1171447E900C444CE /* HMNewsFeedCell.m */,
			);
			name = "News Feed";
			sourceTree = "<group>";
		};
		E03C069D16FBE92A002AC531 /* Twitter */ = {
			isa = PBXGroup;
			children = (
				E0CCA17016FBEB48007BC613 /* HMTwitterViewController.h */,
				E0CCA17116FBEB48007BC613 /* HMTwitterViewController.m */,
				E00231661704DD1900C78F1A /* HMTwitterTableViewController.h */,
				E00231671704DD1900C78F1A /* HMTwitterTableViewController.m */,
				E006ED55170B1B960062CA5F /* HMTwitterDetailViewController.h */,
				E006ED56170B1B960062CA5F /* HMTwitterDetailViewController.m */,
				E0F1D2A6170C72280045983F /* HMTweetCell.h */,
				E0F1D2A7170C72280045983F /* HMTweetCell.m */,
			);
			name = Twitter;
			sourceTree = "<group>";
		};
		E03C069E16FBE92F002AC531 /* Social */ = {
			isa = PBXGroup;
			children = (
				E0CCA17316FBEB56007BC613 /* HMSocialViewController.h */,
				E0CCA17416FBEB56007BC613 /* HMSocialViewController.m */,
				E0F453601715C85A000F97D0 /* HMSocialWebBrowserViewController.h */,
				E0F453611715C85A000F97D0 /* HMSocialWebBrowserViewController.m */,
			);
			name = Social;
			sourceTree = "<group>";
		};
		E03C069F16FBE932002AC531 /* More */ = {
			isa = PBXGroup;
			children = (
				E0CCA17616FBEB63007BC613 /* HMMoreViewController.h */,
				E0CCA17716FBEB63007BC613 /* HMMoreViewController.m */,
				E0FADB3C170DFB310006C833 /* HMMoreTableViewController.h */,
				E0FADB3D170DFB310006C833 /* HMMoreTableViewController.m */,
				E00E0A08170FCC4B001EAAF2 /* HMMoreWebBrowserViewController.h */,
				E00E0A09170FCC4B001EAAF2 /* HMMoreWebBrowserViewController.m */,
				E02CC3BB173C611F008C10FF /* HMPhotoCollectionViewController.h */,
				E02CC3BC173C611F008C10FF /* HMPhotoCollectionViewController.m */,
				E02CC3BE173C61A2008C10FF /* HMPhotoCollectionCell.h */,
				E02CC3BF173C61A2008C10FF /* HMPhotoCollectionCell.m */,
				E02CC3C1173C84E8008C10FF /* HMLargePhotoViewController.h */,
				E02CC3C2173C84E8008C10FF /* HMLargePhotoViewController.m */,
				E02620ED173DCB4900F88B71 /* HMVideosTableViewController.h */,
				E02620EE173DCB4900F88B71 /* HMVideosTableViewController.m */,
				E02620F0173DCB6400F88B71 /* HMVideoCell.h */,
				E02620F1173DCB6400F88B71 /* HMVideoCell.m */,
				E02620F3173DCDFB00F88B71 /* Video.plist */,
			);
			name = More;
			sourceTree = "<group>";
		};
		E03C06A016FBE936002AC531 /* Core Data */ = {
			isa = PBXGroup;
			children = (
				E0D4E7C9170086A9002AC1E4 /* HMCoreDataHelper.h */,
				E0D4E7CA170086A9002AC1E4 /* HMCoreDataHelper.m */,
			);
			name = "Core Data";
			sourceTree = "<group>";
		};
		E03C06A116FBE96F002AC531 /* Images */ = {
			isa = PBXGroup;
			children = (
				E0FB26D6170FD6B10038E3FE /* HMFFlogo@2x.png */,
				E09643FA172B073C0037288E /* HMFFlogo3.png */,
				E0FB26D4170FD6830038E3FE /* HMFFlogo.png */,
				E0257DA11728C951005D7D52 /* ticketButtonSelected.png */,
				E0257DA21728C951005D7D52 /* ticketButtonSelected@2x.png */,
				E0257D971728B8DB005D7D52 /* ticketButton.png */,
				E0257D991728C2E1005D7D52 /* ticketButton@2x.png */,
				E0A89A571703DCF70070F731 /* NoteIcon.png */,
				E0BDB745171F7E3D00B11A19 /* More Images */,
				E0BDB744171F7E3400B11A19 /* Schedule Images */,
				E0BDB743171F7E2A00B11A19 /* News Images */,
				E0BDB742171F7E0E00B11A19 /* Social Images */,
				E0BDB741171F7DFC00B11A19 /* Twitter Images */,
				E0BDB72A171F76F300B11A19 /* Tab Bar Icons */,
			);
			name = Images;
			sourceTree = "<group>";
		};
		E0B3A231174721E400DDBF91 /* Splash */ = {
			isa = PBXGroup;
			children = (
				E0B3A232174721FD00DDBF91 /* HMSplashViewController.h */,
				E0B3A233174721FD00DDBF91 /* HMSplashViewController.m */,
			);
			name = Splash;
			sourceTree = "<group>";
		};
		E0BDB72A171F76F300B11A19 /* Tab Bar Icons */ = {
			isa = PBXGroup;
			children = (
				E0BDB73F171F7CC500B11A19 /* ScheduleMegaphone@2x.png */,
				E0BDB73B171F7C4D00B11A19 /* ScheduleMegaphone.png */,
				E0BDB72D171F77C200B11A19 /* News.png */,
				E0BDB72E171F77C200B11A19 /* News@2x.png */,
				E0BDB728171F76DF00B11A19 /* TwitterBird.png */,
				E0BDB72B171F772900B11A19 /* TwitterBird@2x.png */,
				E0BDB735171F78F500B11A19 /* SocialThumbsUp.png */,
				E0BDB737171F78FB00B11A19 /* SocialThumbsUp@2x.png */,
			);
			name = "Tab Bar Icons";
			sourceTree = "<group>";
		};
		E0BDB741171F7DFC00B11A19 /* Twitter Images */ = {
			isa = PBXGroup;
			children = (
				E00231581704BC3400C78F1A /* TwitterButton@2x.png */,
				E00231591704BC3400C78F1A /* TwitterButton.png */,
			);
			name = "Twitter Images";
			sourceTree = "<group>";
		};
		E0BDB742171F7E0E00B11A19 /* Social Images */ = {
			isa = PBXGroup;
			children = (
				E04B1107171604A6006A52EF /* TwitterImage.png */,
				E04B1108171604A6006A52EF /* TwitterImage@2x.png */,
				E0F453991715E0D4000F97D0 /* YouTubeImage.png */,
				E0F453981715E0D4000F97D0 /* YouTubeImage@2x.png */,
				E0F453881715D717000F97D0 /* FacebookImage.png */,
				E0F4538A1715D717000F97D0 /* FacebookImage@2x.png */,
				E0F4538B1715D717000F97D0 /* VimeoImage.png */,
				E0F453891715D717000F97D0 /* VimeoImage@2x.png */,
				E0BDB746171F80AB00B11A19 /* HMFFButtonImage.png */,
				E0BDB747171F80AB00B11A19 /* HMFFButtonImage@2x.png */,
			);
			name = "Social Images";
			sourceTree = "<group>";
		};
		E0BDB743171F7E2A00B11A19 /* News Images */ = {
			isa = PBXGroup;
			children = (
			);
			name = "News Images";
			sourceTree = "<group>";
		};
		E0BDB744171F7E3400B11A19 /* Schedule Images */ = {
			isa = PBXGroup;
			children = (
			);
			name = "Schedule Images";
			sourceTree = "<group>";
		};
		E0BDB745171F7E3D00B11A19 /* More Images */ = {
			isa = PBXGroup;
			children = (
				E0BC622E17036D7200EFB287 /* EmailButton@2x.png */,
				E0BC622F17036D7200EFB287 /* EmailButton.png */,
				E0BC62321703723F00EFB287 /* EmailButtonSelected.png */,
				E0BC62331703723F00EFB287 /* EmailButtonSelected@2x.png */,
				E0537DA31720C896000D4AB8 /* forwardButton.png */,
				E0537DA41720C896000D4AB8 /* forwardButton@2x.png */,
				E0EDD7F217133323004BBB54 /* backButton.png */,
				E0EDD7F4171333F9004BBB54 /* backButton@2x.png */,
			);
			name = "More Images";
			sourceTree = "<group>";
		};
/* End PBXGroup section */

/* Begin PBXNativeTarget section */
		E03C065A16FBE667002AC531 /* HMFF */ = {
			isa = PBXNativeTarget;
			buildConfigurationList = E03C069316FBE667002AC531 /* Build configuration list for PBXNativeTarget "HMFF" */;
			buildPhases = (
				E03C065716FBE667002AC531 /* Sources */,
				E03C065816FBE667002AC531 /* Frameworks */,
				E03C065916FBE667002AC531 /* Resources */,
			);
			buildRules = (
			);
			dependencies = (
			);
			name = HMFF;
			productName = HMFF;
			productReference = E03C065B16FBE667002AC531 /* HMFF.app */;
			productType = "com.apple.product-type.application";
		};
		E03C067F16FBE667002AC531 /* HMFFTests */ = {
			isa = PBXNativeTarget;
			buildConfigurationList = E03C069616FBE667002AC531 /* Build configuration list for PBXNativeTarget "HMFFTests" */;
			buildPhases = (
				E03C067B16FBE667002AC531 /* Sources */,
				E03C067C16FBE667002AC531 /* Frameworks */,
				E03C067D16FBE667002AC531 /* Resources */,
				E03C067E16FBE667002AC531 /* ShellScript */,
			);
			buildRules = (
			);
			dependencies = (
				E03C068716FBE667002AC531 /* PBXTargetDependency */,
			);
			name = HMFFTests;
			productName = HMFFTests;
			productReference = E03C068016FBE667002AC531 /* HMFFTests.octest */;
			productType = "com.apple.product-type.bundle";
		};
/* End PBXNativeTarget section */

/* Begin PBXProject section */
		E03C065316FBE667002AC531 /* Project object */ = {
			isa = PBXProject;
			attributes = {
				CLASSPREFIX = HM;
				LastUpgradeCheck = 0460;
				ORGANIZATIONNAME = HMFF;
			};
			buildConfigurationList = E03C065616FBE667002AC531 /* Build configuration list for PBXProject "HMFF" */;
			compatibilityVersion = "Xcode 3.2";
			developmentRegion = English;
			hasScannedForEncodings = 0;
			knownRegions = (
				en,
			);
			mainGroup = E03C065216FBE667002AC531;
			productRefGroup = E03C065C16FBE667002AC531 /* Products */;
			projectDirPath = "";
			projectRoot = "";
			targets = (
				E03C065A16FBE667002AC531 /* HMFF */,
				E03C067F16FBE667002AC531 /* HMFFTests */,
			);
		};
/* End PBXProject section */

/* Begin PBXResourcesBuildPhase section */
		E03C065916FBE667002AC531 /* Resources */ = {
			isa = PBXResourcesBuildPhase;
			buildActionMask = 2147483647;
			files = (
				E03C066B16FBE667002AC531 /* InfoPlist.strings in Resources */,
				E03C067316FBE667002AC531 /* Default.png in Resources */,
				E03C067516FBE667002AC531 /* Default@2x.png in Resources */,
				E03C067716FBE667002AC531 /* Default-568h@2x.png in Resources */,
				E03C069A16FBE6A4002AC531 /* Storyboard.storyboard in Resources */,
				E0139AE417024018000AE5B7 /* HMFFIcon57.png in Resources */,
				E0139AE61702401C000AE5B7 /* HMFFIcon114.png in Resources */,
				E0BC623017036D7200EFB287 /* EmailButton@2x.png in Resources */,
				E0BC623117036D7200EFB287 /* EmailButton.png in Resources */,
				E0BC62341703723F00EFB287 /* EmailButtonSelected.png in Resources */,
				E0BC62351703723F00EFB287 /* EmailButtonSelected@2x.png in Resources */,
				E0A89A581703DCF70070F731 /* NoteIcon.png in Resources */,
				E002315A1704BC3400C78F1A /* TwitterButton@2x.png in Resources */,
				E002315B1704BC3400C78F1A /* TwitterButton.png in Resources */,
				E0FB26D5170FD6830038E3FE /* HMFFlogo.png in Resources */,
				E0FB26D7170FD6B10038E3FE /* HMFFlogo@2x.png in Resources */,
				E0EDD7F317133323004BBB54 /* backButton.png in Resources */,
				E0EDD7F5171333F9004BBB54 /* backButton@2x.png in Resources */,
				E0F4538C1715D717000F97D0 /* FacebookImage.png in Resources */,
				E0F4538D1715D717000F97D0 /* VimeoImage@2x.png in Resources */,
				E0F4538E1715D717000F97D0 /* FacebookImage@2x.png in Resources */,
				E0F4538F1715D717000F97D0 /* VimeoImage.png in Resources */,
				E0F4539A1715E0D4000F97D0 /* YouTubeImage@2x.png in Resources */,
				E0F4539B1715E0D4000F97D0 /* YouTubeImage.png in Resources */,
				E04B1109171604A6006A52EF /* TwitterImage.png in Resources */,
				E04B110A171604A6006A52EF /* TwitterImage@2x.png in Resources */,
				E09FCFD2171896A500DFD7C9 /* Schedule.storyboard in Resources */,
				E036B730171CA2600036B8C1 /* LISENCE_HMFF_ICONS.txt in Resources */,
				E0BDB729171F76DF00B11A19 /* TwitterBird.png in Resources */,
				E0BDB72C171F772900B11A19 /* TwitterBird@2x.png in Resources */,
				E0BDB72F171F77C200B11A19 /* News.png in Resources */,
				E0BDB730171F77C200B11A19 /* News@2x.png in Resources */,
				E0BDB736171F78F500B11A19 /* SocialThumbsUp.png in Resources */,
				E0BDB738171F78FB00B11A19 /* SocialThumbsUp@2x.png in Resources */,
				E0BDB73C171F7C4D00B11A19 /* ScheduleMegaphone.png in Resources */,
				E0BDB740171F7CC500B11A19 /* ScheduleMegaphone@2x.png in Resources */,
				E0BDB748171F80AB00B11A19 /* HMFFButtonImage.png in Resources */,
				E0BDB749171F80AB00B11A19 /* HMFFButtonImage@2x.png in Resources */,
				E0537DA51720C896000D4AB8 /* forwardButton.png in Resources */,
				E0537DA61720C896000D4AB8 /* forwardButton@2x.png in Resources */,
				E0085EB81722443F0066813E /* Default.png in Resources */,
				E0085EBE172244830066813E /* Default@2x.png in Resources */,
				E0085EC0172244930066813E /* Default-568h@2x.png in Resources */,
				E0257D981728B8DB005D7D52 /* ticketButton.png in Resources */,
				E0257D9A1728C2E1005D7D52 /* ticketButton@2x.png in Resources */,
				E0257DA31728C951005D7D52 /* ticketButtonSelected.png in Resources */,
				E0257DA41728C951005D7D52 /* ticketButtonSelected@2x.png in Resources */,
				E09643FB172B073C0037288E /* HMFFlogo3.png in Resources */,
				E02620F4173DCDFB00F88B71 /* Video.plist in Resources */,
			);
			runOnlyForDeploymentPostprocessing = 0;
		};
		E03C067D16FBE667002AC531 /* Resources */ = {
			isa = PBXResourcesBuildPhase;
			buildActionMask = 2147483647;
			files = (
				E03C068D16FBE667002AC531 /* InfoPlist.strings in Resources */,
			);
			runOnlyForDeploymentPostprocessing = 0;
		};
/* End PBXResourcesBuildPhase section */

/* Begin PBXShellScriptBuildPhase section */
		E03C067E16FBE667002AC531 /* ShellScript */ = {
			isa = PBXShellScriptBuildPhase;
			buildActionMask = 2147483647;
			files = (
			);
			inputPaths = (
			);
			outputPaths = (
			);
			runOnlyForDeploymentPostprocessing = 0;
			shellPath = /bin/sh;
			shellScript = "# Run the unit tests in this test bundle.\n\"${SYSTEM_DEVELOPER_DIR}/Tools/RunUnitTests\"\n";
		};
/* End PBXShellScriptBuildPhase section */

/* Begin PBXSourcesBuildPhase section */
		E03C065716FBE667002AC531 /* Sources */ = {
			isa = PBXSourcesBuildPhase;
			buildActionMask = 2147483647;
			files = (
				E03C066D16FBE667002AC531 /* main.m in Sources */,
				E03C067116FBE667002AC531 /* HMAppDelegate.m in Sources */,
				E03C067A16FBE667002AC531 /* HMFF.xcdatamodeld in Sources */,
				E0CCA16F16FBEB39007BC613 /* HMNewsFeedViewController.m in Sources */,
				E0CCA17216FBEB48007BC613 /* HMTwitterViewController.m in Sources */,
				E0CCA17516FBEB56007BC613 /* HMSocialViewController.m in Sources */,
				E0CCA17816FBEB63007BC613 /* HMMoreViewController.m in Sources */,
				E0D4E7CB170086A9002AC1E4 /* HMCoreDataHelper.m in Sources */,
				E0139AE9170240C9000AE5B7 /* HMTabBarViewController.m in Sources */,
				E00231681704DD1900C78F1A /* HMTwitterTableViewController.m in Sources */,
				E006ED57170B1B960062CA5F /* HMTwitterDetailViewController.m in Sources */,
				E0F1D2A8170C72280045983F /* HMTweetCell.m in Sources */,
				E0FADB3E170DFB320006C833 /* HMMoreTableViewController.m in Sources */,
				E00E0A0A170FCC4B001EAAF2 /* HMMoreWebBrowserViewController.m in Sources */,
				E0FB26DA1710BCE30038E3FE /* HMNewsFeedTableViewController.m in Sources */,
				E0EDD7FE17134DA7004BBB54 /* HMNewsFeedDetailViewController.m in Sources */,
				E0EB5EB2171447E900C444CE /* HMNewsFeedCell.m in Sources */,
				E0F453621715C85A000F97D0 /* HMSocialWebBrowserViewController.m in Sources */,
				E0F89C6B171748B500BD5755 /* HMCheckInternetAccess.m in Sources */,
				E09FCFCB171851CF00DFD7C9 /* HMFirstTableViewController.m in Sources */,
				E09FCFCE171851DC00DFD7C9 /* HMSecondTableViewController.m in Sources */,
				E09FCFD51718979900DFD7C9 /* HMScheduleNavigationViewController.m in Sources */,
				E09FCFD81718F17400DFD7C9 /* HMScheduleViewController.m in Sources */,
				E09FCFDB1718F1F800DFD7C9 /* HMScheduleScrollViewController.m in Sources */,
				E0D8D8D51720DB5200752A29 /* HMVenueCell.m in Sources */,
				E04144011723770700DB5B4E /* HMBandWebBrowserViewController.m in Sources */,
				E0257D921728AA0B005D7D52 /* HMBuyTicketsViewController.m in Sources */,
				E02CC3BD173C611F008C10FF /* HMPhotoCollectionViewController.m in Sources */,
				E02CC3C0173C61A2008C10FF /* HMPhotoCollectionCell.m in Sources */,
				E02CC3C3173C84E8008C10FF /* HMLargePhotoViewController.m in Sources */,
				E02620EF173DCB4900F88B71 /* HMVideosTableViewController.m in Sources */,
				E02620F2173DCB6400F88B71 /* HMVideoCell.m in Sources */,
				E0B3A234174721FD00DDBF91 /* HMSplashViewController.m in Sources */,
				E0B3A23C174727F000DDBF91 /* HMDataFeedManager.m in Sources */,
				E048DF4B1762EA7D00D7232E /* HMBandCell.m in Sources */,
			);
			runOnlyForDeploymentPostprocessing = 0;
		};
		E03C067B16FBE667002AC531 /* Sources */ = {
			isa = PBXSourcesBuildPhase;
			buildActionMask = 2147483647;
			files = (
				E03C069016FBE667002AC531 /* HMFFTests.m in Sources */,
			);
			runOnlyForDeploymentPostprocessing = 0;
		};
/* End PBXSourcesBuildPhase section */

/* Begin PBXTargetDependency section */
		E03C068716FBE667002AC531 /* PBXTargetDependency */ = {
			isa = PBXTargetDependency;
			target = E03C065A16FBE667002AC531 /* HMFF */;
			targetProxy = E03C068616FBE667002AC531 /* PBXContainerItemProxy */;
		};
/* End PBXTargetDependency section */

/* Begin PBXVariantGroup section */
		E03C066916FBE667002AC531 /* InfoPlist.strings */ = {
			isa = PBXVariantGroup;
			children = (
				E03C066A16FBE667002AC531 /* en */,
			);
			name = InfoPlist.strings;
			sourceTree = "<group>";
		};
		E03C068B16FBE667002AC531 /* InfoPlist.strings */ = {
			isa = PBXVariantGroup;
			children = (
				E03C068C16FBE667002AC531 /* en */,
			);
			name = InfoPlist.strings;
			sourceTree = "<group>";
		};
/* End PBXVariantGroup section */

/* Begin XCBuildConfiguration section */
		E03C069116FBE667002AC531 /* Debug */ = {
			isa = XCBuildConfiguration;
			buildSettings = {
				ALWAYS_SEARCH_USER_PATHS = NO;
				CLANG_CXX_LANGUAGE_STANDARD = "gnu++0x";
				CLANG_CXX_LIBRARY = "libc++";
				CLANG_ENABLE_OBJC_ARC = YES;
				CLANG_WARN_CONSTANT_CONVERSION = YES;
				CLANG_WARN_EMPTY_BODY = YES;
				CLANG_WARN_ENUM_CONVERSION = YES;
				CLANG_WARN_INT_CONVERSION = YES;
				CLANG_WARN__DUPLICATE_METHOD_MATCH = YES;
				"CODE_SIGN_IDENTITY[sdk=iphoneos*]" = "iPhone Developer";
				COPY_PHASE_STRIP = NO;
				GCC_C_LANGUAGE_STANDARD = gnu99;
				GCC_DYNAMIC_NO_PIC = NO;
				GCC_OPTIMIZATION_LEVEL = 0;
				GCC_PREPROCESSOR_DEFINITIONS = (
					"DEBUG=1",
					"$(inherited)",
				);
				GCC_SYMBOLS_PRIVATE_EXTERN = NO;
				GCC_WARN_ABOUT_RETURN_TYPE = YES;
				GCC_WARN_UNINITIALIZED_AUTOS = YES;
				GCC_WARN_UNUSED_VARIABLE = YES;
				IPHONEOS_DEPLOYMENT_TARGET = 6.1;
				ONLY_ACTIVE_ARCH = YES;
				SDKROOT = iphoneos;
				TARGETED_DEVICE_FAMILY = "1,2";
			};
			name = Debug;
		};
		E03C069216FBE667002AC531 /* Release */ = {
			isa = XCBuildConfiguration;
			buildSettings = {
				ALWAYS_SEARCH_USER_PATHS = NO;
				CLANG_CXX_LANGUAGE_STANDARD = "gnu++0x";
				CLANG_CXX_LIBRARY = "libc++";
				CLANG_ENABLE_OBJC_ARC = YES;
				CLANG_WARN_CONSTANT_CONVERSION = YES;
				CLANG_WARN_EMPTY_BODY = YES;
				CLANG_WARN_ENUM_CONVERSION = YES;
				CLANG_WARN_INT_CONVERSION = YES;
				CLANG_WARN__DUPLICATE_METHOD_MATCH = YES;
				"CODE_SIGN_IDENTITY[sdk=iphoneos*]" = "iPhone Developer";
				COPY_PHASE_STRIP = YES;
				GCC_C_LANGUAGE_STANDARD = gnu99;
				GCC_WARN_ABOUT_RETURN_TYPE = YES;
				GCC_WARN_UNINITIALIZED_AUTOS = YES;
				GCC_WARN_UNUSED_VARIABLE = YES;
				IPHONEOS_DEPLOYMENT_TARGET = 6.1;
				OTHER_CFLAGS = "-DNS_BLOCK_ASSERTIONS=1";
				SDKROOT = iphoneos;
				TARGETED_DEVICE_FAMILY = "1,2";
				VALIDATE_PRODUCT = YES;
			};
			name = Release;
		};
		E03C069416FBE667002AC531 /* Debug */ = {
			isa = XCBuildConfiguration;
			buildSettings = {
				FRAMEWORK_SEARCH_PATHS = (
					"$(inherited)",
					"\"$(SRCROOT)\"",
				);
				GCC_PRECOMPILE_PREFIX_HEADER = YES;
				GCC_PREFIX_HEADER = "HMFF/HMFF-Prefix.pch";
				INFOPLIST_FILE = "HMFF/HMFF-Info.plist";
				PRODUCT_NAME = "$(TARGET_NAME)";
				WRAPPER_EXTENSION = app;
			};
			name = Debug;
		};
		E03C069516FBE667002AC531 /* Release */ = {
			isa = XCBuildConfiguration;
			buildSettings = {
				FRAMEWORK_SEARCH_PATHS = (
					"$(inherited)",
					"\"$(SRCROOT)\"",
				);
				GCC_PRECOMPILE_PREFIX_HEADER = YES;
				GCC_PREFIX_HEADER = "HMFF/HMFF-Prefix.pch";
				INFOPLIST_FILE = "HMFF/HMFF-Info.plist";
				PRODUCT_NAME = "$(TARGET_NAME)";
				WRAPPER_EXTENSION = app;
			};
			name = Release;
		};
		E03C069716FBE667002AC531 /* Debug */ = {
			isa = XCBuildConfiguration;
			buildSettings = {
				BUNDLE_LOADER = "$(BUILT_PRODUCTS_DIR)/HMFF.app/HMFF";
				FRAMEWORK_SEARCH_PATHS = (
					"\"$(SDKROOT)/Developer/Library/Frameworks\"",
					"\"$(DEVELOPER_LIBRARY_DIR)/Frameworks\"",
				);
				GCC_PRECOMPILE_PREFIX_HEADER = YES;
				GCC_PREFIX_HEADER = "HMFF/HMFF-Prefix.pch";
				INFOPLIST_FILE = "HMFFTests/HMFFTests-Info.plist";
				PRODUCT_NAME = "$(TARGET_NAME)";
				TEST_HOST = "$(BUNDLE_LOADER)";
				WRAPPER_EXTENSION = octest;
			};
			name = Debug;
		};
		E03C069816FBE667002AC531 /* Release */ = {
			isa = XCBuildConfiguration;
			buildSettings = {
				BUNDLE_LOADER = "$(BUILT_PRODUCTS_DIR)/HMFF.app/HMFF";
				FRAMEWORK_SEARCH_PATHS = (
					"\"$(SDKROOT)/Developer/Library/Frameworks\"",
					"\"$(DEVELOPER_LIBRARY_DIR)/Frameworks\"",
				);
				GCC_PRECOMPILE_PREFIX_HEADER = YES;
				GCC_PREFIX_HEADER = "HMFF/HMFF-Prefix.pch";
				INFOPLIST_FILE = "HMFFTests/HMFFTests-Info.plist";
				PRODUCT_NAME = "$(TARGET_NAME)";
				TEST_HOST = "$(BUNDLE_LOADER)";
				WRAPPER_EXTENSION = octest;
			};
			name = Release;
		};
/* End XCBuildConfiguration section */

/* Begin XCConfigurationList section */
		E03C065616FBE667002AC531 /* Build configuration list for PBXProject "HMFF" */ = {
			isa = XCConfigurationList;
			buildConfigurations = (
				E03C069116FBE667002AC531 /* Debug */,
				E03C069216FBE667002AC531 /* Release */,
			);
			defaultConfigurationIsVisible = 0;
			defaultConfigurationName = Release;
		};
		E03C069316FBE667002AC531 /* Build configuration list for PBXNativeTarget "HMFF" */ = {
			isa = XCConfigurationList;
			buildConfigurations = (
				E03C069416FBE667002AC531 /* Debug */,
				E03C069516FBE667002AC531 /* Release */,
			);
			defaultConfigurationIsVisible = 0;
			defaultConfigurationName = Release;
		};
		E03C069616FBE667002AC531 /* Build configuration list for PBXNativeTarget "HMFFTests" */ = {
			isa = XCConfigurationList;
			buildConfigurations = (
				E03C069716FBE667002AC531 /* Debug */,
				E03C069816FBE667002AC531 /* Release */,
			);
			defaultConfigurationIsVisible = 0;
			defaultConfigurationName = Release;
		};
/* End XCConfigurationList section */

/* Begin XCVersionGroup section */
		E03C067816FBE667002AC531 /* HMFF.xcdatamodeld */ = {
			isa = XCVersionGroup;
			children = (
				E03C067916FBE667002AC531 /* HMFF.xcdatamodel */,
			);
			currentVersion = E03C067916FBE667002AC531 /* HMFF.xcdatamodel */;
			path = HMFF.xcdatamodeld;
			sourceTree = "<group>";
			versionGroupType = wrapper.xcdatamodel;
		};
/* End XCVersionGroup section */
	};
	rootObject = E03C065316FBE667002AC531 /* Project object */;
}
