// !$*UTF8*$!
{
	archiveVersion = 1;
	classes = {
	};
	objectVersion = 46;
	objects = {

/* Begin PBXBuildFile section */
		E0139AD217023288000AE5B7 /* HMFFlogo.png in Resources */ = {isa = PBXBuildFile; fileRef = E0139AD117023288000AE5B7 /* HMFFlogo.png */; };
		E0139AD8170238CD000AE5B7 /* HMFFlogo@2x.png in Resources */ = {isa = PBXBuildFile; fileRef = E0139AD7170238CD000AE5B7 /* HMFFlogo@2x.png */; };
		E0139ADA17023C3F000AE5B7 /* ticketButton.png in Resources */ = {isa = PBXBuildFile; fileRef = E0139AD917023C3F000AE5B7 /* ticketButton.png */; };
		E0139ADC17023C63000AE5B7 /* ticketButton@2x.png in Resources */ = {isa = PBXBuildFile; fileRef = E0139ADB17023C63000AE5B7 /* ticketButton@2x.png */; };
		E0139AE417024018000AE5B7 /* HMFFIcon57.png in Resources */ = {isa = PBXBuildFile; fileRef = E0139AE317024018000AE5B7 /* HMFFIcon57.png */; };
		E0139AE61702401C000AE5B7 /* HMFFIcon114.png in Resources */ = {isa = PBXBuildFile; fileRef = E0139AE51702401C000AE5B7 /* HMFFIcon114.png */; };
		E0139AE9170240C9000AE5B7 /* HMTabBarViewController.m in Sources */ = {isa = PBXBuildFile; fileRef = E0139AE8170240C9000AE5B7 /* HMTabBarViewController.m */; };
		E03C065F16FBE667002AC531 /* UIKit.framework in Frameworks */ = {isa = PBXBuildFile; fileRef = E03C065E16FBE667002AC531 /* UIKit.framework */; };
		E03C066116FBE667002AC531 /* Foundation.framework in Frameworks */ = {isa = PBXBuildFile; fileRef = E03C066016FBE667002AC531 /* Foundation.framework */; };
		E03C066316FBE667002AC531 /* CoreGraphics.framework in Frameworks */ = {isa = PBXBuildFile; fileRef = E03C066216FBE667002AC531 /* CoreGraphics.framework */; };
		E03C066516FBE667002AC531 /* CoreData.framework in Frameworks */ = {isa = PBXBuildFile; fileRef = E03C066416FBE667002AC531 /* CoreData.framework */; };
		E03C066B16FBE667002AC531 /* InfoPlist.strings in Resources */ = {isa = PBXBuildFile; fileRef = E03C066916FBE667002AC531 /* InfoPlist.strings */; };
		E03C066D16FBE667002AC531 /* main.m in Sources */ = {isa = PBXBuildFile; fileRef = E03C066C16FBE667002AC531 /* main.m */; };
		E03C067116FBE667002AC531 /* HMAppDelegate.m in Sources */ = {isa = PBXBuildFile; fileRef = E03C067016FBE667002AC531 /* HMAppDelegate.m */; };
		E03C067316FBE667002AC531 /* Default.png in Resources */ = {isa = PBXBuildFile; fileRef = E03C067216FBE667002AC531 /* Default.png */; };
		E03C067516FBE667002AC531 /* Default@2x.png in Resources */ = {isa = PBXBuildFile; fileRef = E03C067416FBE667002AC531 /* Default@2x.png */; };
		E03C067716FBE667002AC531 /* Default-568h@2x.png in Resources */ = {isa = PBXBuildFile; fileRef = E03C067616FBE667002AC531 /* Default-568h@2x.png */; };
		E03C067A16FBE667002AC531 /* HMFF.xcdatamodeld in Sources */ = {isa = PBXBuildFile; fileRef = E03C067816FBE667002AC531 /* HMFF.xcdatamodeld */; };
		E03C068216FBE667002AC531 /* SenTestingKit.framework in Frameworks */ = {isa = PBXBuildFile; fileRef = E03C068116FBE667002AC531 /* SenTestingKit.framework */; };
		E03C068316FBE667002AC531 /* UIKit.framework in Frameworks */ = {isa = PBXBuildFile; fileRef = E03C065E16FBE667002AC531 /* UIKit.framework */; };
		E03C068416FBE667002AC531 /* Foundation.framework in Frameworks */ = {isa = PBXBuildFile; fileRef = E03C066016FBE667002AC531 /* Foundation.framework */; };
		E03C068516FBE667002AC531 /* CoreData.framework in Frameworks */ = {isa = PBXBuildFile; fileRef = E03C066416FBE667002AC531 /* CoreData.framework */; };
		E03C068D16FBE667002AC531 /* InfoPlist.strings in Resources */ = {isa = PBXBuildFile; fileRef = E03C068B16FBE667002AC531 /* InfoPlist.strings */; };
		E03C069016FBE667002AC531 /* HMFFTests.m in Sources */ = {isa = PBXBuildFile; fileRef = E03C068F16FBE667002AC531 /* HMFFTests.m */; };
		E03C069A16FBE6A4002AC531 /* Storyboard.storyboard in Resources */ = {isa = PBXBuildFile; fileRef = E03C069916FBE6A4002AC531 /* Storyboard.storyboard */; };
		E0A89A581703DCF70070F731 /* NoteIcon.png in Resources */ = {isa = PBXBuildFile; fileRef = E0A89A571703DCF70070F731 /* NoteIcon.png */; };
		E0BC622D17036A6100EFB287 /* TwitterButton@2x.png in Resources */ = {isa = PBXBuildFile; fileRef = E0BC622C17036A6100EFB287 /* TwitterButton@2x.png */; };
		E0BC623017036D7200EFB287 /* EmailButton@2x.png in Resources */ = {isa = PBXBuildFile; fileRef = E0BC622E17036D7200EFB287 /* EmailButton@2x.png */; };
		E0BC623117036D7200EFB287 /* EmailButton.png in Resources */ = {isa = PBXBuildFile; fileRef = E0BC622F17036D7200EFB287 /* EmailButton.png */; };
		E0BC62341703723F00EFB287 /* EmailButtonSelected.png in Resources */ = {isa = PBXBuildFile; fileRef = E0BC62321703723F00EFB287 /* EmailButtonSelected.png */; };
		E0BC62351703723F00EFB287 /* EmailButtonSelected@2x.png in Resources */ = {isa = PBXBuildFile; fileRef = E0BC62331703723F00EFB287 /* EmailButtonSelected@2x.png */; };
		E0BC658F17036808009FA678 /* TwitterButton.png in Resources */ = {isa = PBXBuildFile; fileRef = E0BC658E17036808009FA678 /* TwitterButton.png */; };
		E0CCA16C16FBEA73007BC613 /* HMLineUpViewController.m in Sources */ = {isa = PBXBuildFile; fileRef = E0CCA16B16FBEA73007BC613 /* HMLineUpViewController.m */; };
		E0CCA16F16FBEB39007BC613 /* HMNewsFeedViewController.m in Sources */ = {isa = PBXBuildFile; fileRef = E0CCA16E16FBEB39007BC613 /* HMNewsFeedViewController.m */; };
		E0CCA17216FBEB48007BC613 /* HMTwitterViewController.m in Sources */ = {isa = PBXBuildFile; fileRef = E0CCA17116FBEB48007BC613 /* HMTwitterViewController.m */; };
		E0CCA17516FBEB56007BC613 /* HMSocialViewController.m in Sources */ = {isa = PBXBuildFile; fileRef = E0CCA17416FBEB56007BC613 /* HMSocialViewController.m */; };
		E0CCA17816FBEB63007BC613 /* HMMoreViewController.m in Sources */ = {isa = PBXBuildFile; fileRef = E0CCA17716FBEB63007BC613 /* HMMoreViewController.m */; };
		E0D4E7CB170086A9002AC1E4 /* HMCoreDataHelper.m in Sources */ = {isa = PBXBuildFile; fileRef = E0D4E7CA170086A9002AC1E4 /* HMCoreDataHelper.m */; };
/* End PBXBuildFile section */

/* Begin PBXContainerItemProxy section */
		E03C068616FBE667002AC531 /* PBXContainerItemProxy */ = {
			isa = PBXContainerItemProxy;
			containerPortal = E03C065316FBE667002AC531 /* Project object */;
			proxyType = 1;
			remoteGlobalIDString = E03C065A16FBE667002AC531;
			remoteInfo = HMFF;
		};
/* End PBXContainerItemProxy section */

/* Begin PBXFileReference section */
		E0139AD117023288000AE5B7 /* HMFFlogo.png */ = {isa = PBXFileReference; lastKnownFileType = image.png; path = HMFFlogo.png; sourceTree = "<group>"; };
		E0139AD7170238CD000AE5B7 /* HMFFlogo@2x.png */ = {isa = PBXFileReference; lastKnownFileType = image.png; path = "HMFFlogo@2x.png"; sourceTree = "<group>"; };
		E0139AD917023C3F000AE5B7 /* ticketButton.png */ = {isa = PBXFileReference; lastKnownFileType = image.png; path = ticketButton.png; sourceTree = "<group>"; };
		E0139ADB17023C63000AE5B7 /* ticketButton@2x.png */ = {isa = PBXFileReference; lastKnownFileType = image.png; path = "ticketButton@2x.png"; sourceTree = "<group>"; };
		E0139AE317024018000AE5B7 /* HMFFIcon57.png */ = {isa = PBXFileReference; lastKnownFileType = image.png; path = HMFFIcon57.png; sourceTree = "<group>"; };
		E0139AE51702401C000AE5B7 /* HMFFIcon114.png */ = {isa = PBXFileReference; lastKnownFileType = image.png; path = HMFFIcon114.png; sourceTree = "<group>"; };
		E0139AE7170240C9000AE5B7 /* HMTabBarViewController.h */ = {isa = PBXFileReference; fileEncoding = 4; lastKnownFileType = sourcecode.c.h; path = HMTabBarViewController.h; sourceTree = "<group>"; };
		E0139AE8170240C9000AE5B7 /* HMTabBarViewController.m */ = {isa = PBXFileReference; fileEncoding = 4; lastKnownFileType = sourcecode.c.objc; path = HMTabBarViewController.m; sourceTree = "<group>"; };
		E03C065B16FBE667002AC531 /* HMFF.app */ = {isa = PBXFileReference; explicitFileType = wrapper.application; includeInIndex = 0; path = HMFF.app; sourceTree = BUILT_PRODUCTS_DIR; };
		E03C065E16FBE667002AC531 /* UIKit.framework */ = {isa = PBXFileReference; lastKnownFileType = wrapper.framework; name = UIKit.framework; path = System/Library/Frameworks/UIKit.framework; sourceTree = SDKROOT; };
		E03C066016FBE667002AC531 /* Foundation.framework */ = {isa = PBXFileReference; lastKnownFileType = wrapper.framework; name = Foundation.framework; path = System/Library/Frameworks/Foundation.framework; sourceTree = SDKROOT; };
		E03C066216FBE667002AC531 /* CoreGraphics.framework */ = {isa = PBXFileReference; lastKnownFileType = wrapper.framework; name = CoreGraphics.framework; path = System/Library/Frameworks/CoreGraphics.framework; sourceTree = SDKROOT; };
		E03C066416FBE667002AC531 /* CoreData.framework */ = {isa = PBXFileReference; lastKnownFileType = wrapper.framework; name = CoreData.framework; path = System/Library/Frameworks/CoreData.framework; sourceTree = SDKROOT; };
		E03C066816FBE667002AC531 /* HMFF-Info.plist */ = {isa = PBXFileReference; lastKnownFileType = text.plist.xml; path = "HMFF-Info.plist"; sourceTree = "<group>"; };
		E03C066A16FBE667002AC531 /* en */ = {isa = PBXFileReference; lastKnownFileType = text.plist.strings; name = en; path = en.lproj/InfoPlist.strings; sourceTree = "<group>"; };
		E03C066C16FBE667002AC531 /* main.m */ = {isa = PBXFileReference; lastKnownFileType = sourcecode.c.objc; path = main.m; sourceTree = "<group>"; };
		E03C066E16FBE667002AC531 /* HMFF-Prefix.pch */ = {isa = PBXFileReference; lastKnownFileType = sourcecode.c.h; path = "HMFF-Prefix.pch"; sourceTree = "<group>"; };
		E03C066F16FBE667002AC531 /* HMAppDelegate.h */ = {isa = PBXFileReference; lastKnownFileType = sourcecode.c.h; path = HMAppDelegate.h; sourceTree = "<group>"; };
		E03C067016FBE667002AC531 /* HMAppDelegate.m */ = {isa = PBXFileReference; lastKnownFileType = sourcecode.c.objc; path = HMAppDelegate.m; sourceTree = "<group>"; };
		E03C067216FBE667002AC531 /* Default.png */ = {isa = PBXFileReference; lastKnownFileType = image.png; path = Default.png; sourceTree = "<group>"; };
		E03C067416FBE667002AC531 /* Default@2x.png */ = {isa = PBXFileReference; lastKnownFileType = image.png; path = "Default@2x.png"; sourceTree = "<group>"; };
		E03C067616FBE667002AC531 /* Default-568h@2x.png */ = {isa = PBXFileReference; lastKnownFileType = image.png; path = "Default-568h@2x.png"; sourceTree = "<group>"; };
		E03C067916FBE667002AC531 /* HMFF.xcdatamodel */ = {isa = PBXFileReference; lastKnownFileType = wrapper.xcdatamodel; path = HMFF.xcdatamodel; sourceTree = "<group>"; };
		E03C068016FBE667002AC531 /* HMFFTests.octest */ = {isa = PBXFileReference; explicitFileType = wrapper.cfbundle; includeInIndex = 0; path = HMFFTests.octest; sourceTree = BUILT_PRODUCTS_DIR; };
		E03C068116FBE667002AC531 /* SenTestingKit.framework */ = {isa = PBXFileReference; lastKnownFileType = wrapper.framework; name = SenTestingKit.framework; path = Library/Frameworks/SenTestingKit.framework; sourceTree = DEVELOPER_DIR; };
		E03C068A16FBE667002AC531 /* HMFFTests-Info.plist */ = {isa = PBXFileReference; lastKnownFileType = text.plist.xml; path = "HMFFTests-Info.plist"; sourceTree = "<group>"; };
		E03C068C16FBE667002AC531 /* en */ = {isa = PBXFileReference; lastKnownFileType = text.plist.strings; name = en; path = en.lproj/InfoPlist.strings; sourceTree = "<group>"; };
		E03C068E16FBE667002AC531 /* HMFFTests.h */ = {isa = PBXFileReference; lastKnownFileType = sourcecode.c.h; path = HMFFTests.h; sourceTree = "<group>"; };
		E03C068F16FBE667002AC531 /* HMFFTests.m */ = {isa = PBXFileReference; lastKnownFileType = sourcecode.c.objc; path = HMFFTests.m; sourceTree = "<group>"; };
		E03C069916FBE6A4002AC531 /* Storyboard.storyboard */ = {isa = PBXFileReference; fileEncoding = 4; lastKnownFileType = file.storyboard; path = Storyboard.storyboard; sourceTree = "<group>"; };
		E0A89A571703DCF70070F731 /* NoteIcon.png */ = {isa = PBXFileReference; lastKnownFileType = image.png; path = NoteIcon.png; sourceTree = "<group>"; };
		E0BC622C17036A6100EFB287 /* TwitterButton@2x.png */ = {isa = PBXFileReference; lastKnownFileType = image.png; path = "TwitterButton@2x.png"; sourceTree = "<group>"; };
		E0BC622E17036D7200EFB287 /* EmailButton@2x.png */ = {isa = PBXFileReference; lastKnownFileType = image.png; path = "EmailButton@2x.png"; sourceTree = "<group>"; };
		E0BC622F17036D7200EFB287 /* EmailButton.png */ = {isa = PBXFileReference; lastKnownFileType = image.png; path = EmailButton.png; sourceTree = "<group>"; };
		E0BC62321703723F00EFB287 /* EmailButtonSelected.png */ = {isa = PBXFileReference; lastKnownFileType = image.png; path = EmailButtonSelected.png; sourceTree = "<group>"; };
		E0BC62331703723F00EFB287 /* EmailButtonSelected@2x.png */ = {isa = PBXFileReference; lastKnownFileType = image.png; path = "EmailButtonSelected@2x.png"; sourceTree = "<group>"; };
		E0BC658E17036808009FA678 /* TwitterButton.png */ = {isa = PBXFileReference; lastKnownFileType = image.png; path = TwitterButton.png; sourceTree = "<group>"; };
		E0CCA16A16FBEA73007BC613 /* HMLineUpViewController.h */ = {isa = PBXFileReference; fileEncoding = 4; lastKnownFileType = sourcecode.c.h; path = HMLineUpViewController.h; sourceTree = "<group>"; };
		E0CCA16B16FBEA73007BC613 /* HMLineUpViewController.m */ = {isa = PBXFileReference; fileEncoding = 4; lastKnownFileType = sourcecode.c.objc; path = HMLineUpViewController.m; sourceTree = "<group>"; };
		E0CCA16D16FBEB39007BC613 /* HMNewsFeedViewController.h */ = {isa = PBXFileReference; fileEncoding = 4; lastKnownFileType = sourcecode.c.h; path = HMNewsFeedViewController.h; sourceTree = "<group>"; };
		E0CCA16E16FBEB39007BC613 /* HMNewsFeedViewController.m */ = {isa = PBXFileReference; fileEncoding = 4; lastKnownFileType = sourcecode.c.objc; path = HMNewsFeedViewController.m; sourceTree = "<group>"; };
		E0CCA17016FBEB48007BC613 /* HMTwitterViewController.h */ = {isa = PBXFileReference; fileEncoding = 4; lastKnownFileType = sourcecode.c.h; path = HMTwitterViewController.h; sourceTree = "<group>"; };
		E0CCA17116FBEB48007BC613 /* HMTwitterViewController.m */ = {isa = PBXFileReference; fileEncoding = 4; lastKnownFileType = sourcecode.c.objc; path = HMTwitterViewController.m; sourceTree = "<group>"; };
		E0CCA17316FBEB56007BC613 /* HMSocialViewController.h */ = {isa = PBXFileReference; fileEncoding = 4; lastKnownFileType = sourcecode.c.h; path = HMSocialViewController.h; sourceTree = "<group>"; };
		E0CCA17416FBEB56007BC613 /* HMSocialViewController.m */ = {isa = PBXFileReference; fileEncoding = 4; lastKnownFileType = sourcecode.c.objc; path = HMSocialViewController.m; sourceTree = "<group>"; };
		E0CCA17616FBEB63007BC613 /* HMMoreViewController.h */ = {isa = PBXFileReference; fileEncoding = 4; lastKnownFileType = sourcecode.c.h; path = HMMoreViewController.h; sourceTree = "<group>"; };
		E0CCA17716FBEB63007BC613 /* HMMoreViewController.m */ = {isa = PBXFileReference; fileEncoding = 4; lastKnownFileType = sourcecode.c.objc; path = HMMoreViewController.m; sourceTree = "<group>"; };
		E0D4E7C9170086A9002AC1E4 /* HMCoreDataHelper.h */ = {isa = PBXFileReference; fileEncoding = 4; lastKnownFileType = sourcecode.c.h; path = HMCoreDataHelper.h; sourceTree = "<group>"; };
		E0D4E7CA170086A9002AC1E4 /* HMCoreDataHelper.m */ = {isa = PBXFileReference; fileEncoding = 4; lastKnownFileType = sourcecode.c.objc; path = HMCoreDataHelper.m; sourceTree = "<group>"; };
/* End PBXFileReference section */

/* Begin PBXFrameworksBuildPhase section */
		E03C065816FBE667002AC531 /* Frameworks */ = {
			isa = PBXFrameworksBuildPhase;
			buildActionMask = 2147483647;
			files = (
				E03C065F16FBE667002AC531 /* UIKit.framework in Frameworks */,
				E03C066116FBE667002AC531 /* Foundation.framework in Frameworks */,
				E03C066316FBE667002AC531 /* CoreGraphics.framework in Frameworks */,
				E03C066516FBE667002AC531 /* CoreData.framework in Frameworks */,
			);
			runOnlyForDeploymentPostprocessing = 0;
		};
		E03C067C16FBE667002AC531 /* Frameworks */ = {
			isa = PBXFrameworksBuildPhase;
			buildActionMask = 2147483647;
			files = (
				E03C068216FBE667002AC531 /* SenTestingKit.framework in Frameworks */,
				E03C068316FBE667002AC531 /* UIKit.framework in Frameworks */,
				E03C068416FBE667002AC531 /* Foundation.framework in Frameworks */,
				E03C068516FBE667002AC531 /* CoreData.framework in Frameworks */,
			);
			runOnlyForDeploymentPostprocessing = 0;
		};
/* End PBXFrameworksBuildPhase section */

/* Begin PBXGroup section */
		E03C065216FBE667002AC531 = {
			isa = PBXGroup;
			children = (
				E0139AE51702401C000AE5B7 /* HMFFIcon114.png */,
				E0139AE317024018000AE5B7 /* HMFFIcon57.png */,
				E03C066616FBE667002AC531 /* HMFF */,
				E03C068816FBE667002AC531 /* HMFFTests */,
				E03C065D16FBE667002AC531 /* Frameworks */,
				E03C065C16FBE667002AC531 /* Products */,
			);
			sourceTree = "<group>";
		};
		E03C065C16FBE667002AC531 /* Products */ = {
			isa = PBXGroup;
			children = (
				E03C065B16FBE667002AC531 /* HMFF.app */,
				E03C068016FBE667002AC531 /* HMFFTests.octest */,
			);
			name = Products;
			sourceTree = "<group>";
		};
		E03C065D16FBE667002AC531 /* Frameworks */ = {
			isa = PBXGroup;
			children = (
				E03C065E16FBE667002AC531 /* UIKit.framework */,
				E03C066016FBE667002AC531 /* Foundation.framework */,
				E03C066216FBE667002AC531 /* CoreGraphics.framework */,
				E03C066416FBE667002AC531 /* CoreData.framework */,
				E03C068116FBE667002AC531 /* SenTestingKit.framework */,
			);
			name = Frameworks;
			sourceTree = "<group>";
		};
		E03C066616FBE667002AC531 /* HMFF */ = {
			isa = PBXGroup;
			children = (
				E03C069B16FBE901002AC531 /* Line Up */,
				E03C069C16FBE926002AC531 /* News Feed */,
				E03C069D16FBE92A002AC531 /* Twitter */,
				E03C069E16FBE92F002AC531 /* Social */,
				E03C069F16FBE932002AC531 /* More */,
				E03C06A116FBE96F002AC531 /* Images */,
				E03C06A016FBE936002AC531 /* Core Data */,
				E03C066716FBE667002AC531 /* Supporting Files */,
			);
			path = HMFF;
			sourceTree = "<group>";
		};
		E03C066716FBE667002AC531 /* Supporting Files */ = {
			isa = PBXGroup;
			children = (
				E0139AE7170240C9000AE5B7 /* HMTabBarViewController.h */,
				E0139AE8170240C9000AE5B7 /* HMTabBarViewController.m */,
				E03C069916FBE6A4002AC531 /* Storyboard.storyboard */,
				E03C067816FBE667002AC531 /* HMFF.xcdatamodeld */,
				E03C066F16FBE667002AC531 /* HMAppDelegate.h */,
				E03C067016FBE667002AC531 /* HMAppDelegate.m */,
				E03C066816FBE667002AC531 /* HMFF-Info.plist */,
				E03C066916FBE667002AC531 /* InfoPlist.strings */,
				E03C066C16FBE667002AC531 /* main.m */,
				E03C066E16FBE667002AC531 /* HMFF-Prefix.pch */,
				E03C067216FBE667002AC531 /* Default.png */,
				E03C067416FBE667002AC531 /* Default@2x.png */,
				E03C067616FBE667002AC531 /* Default-568h@2x.png */,
			);
			name = "Supporting Files";
			sourceTree = "<group>";
		};
		E03C068816FBE667002AC531 /* HMFFTests */ = {
			isa = PBXGroup;
			children = (
				E03C068E16FBE667002AC531 /* HMFFTests.h */,
				E03C068F16FBE667002AC531 /* HMFFTests.m */,
				E03C068916FBE667002AC531 /* Supporting Files */,
			);
			path = HMFFTests;
			sourceTree = "<group>";
		};
		E03C068916FBE667002AC531 /* Supporting Files */ = {
			isa = PBXGroup;
			children = (
				E03C068A16FBE667002AC531 /* HMFFTests-Info.plist */,
				E03C068B16FBE667002AC531 /* InfoPlist.strings */,
			);
			name = "Supporting Files";
			sourceTree = "<group>";
		};
		E03C069B16FBE901002AC531 /* Line Up */ = {
			isa = PBXGroup;
			children = (
				E0CCA16A16FBEA73007BC613 /* HMLineUpViewController.h */,
				E0CCA16B16FBEA73007BC613 /* HMLineUpViewController.m */,
			);
			name = "Line Up";
			sourceTree = "<group>";
		};
		E03C069C16FBE926002AC531 /* News Feed */ = {
			isa = PBXGroup;
			children = (
				E0CCA16D16FBEB39007BC613 /* HMNewsFeedViewController.h */,
				E0CCA16E16FBEB39007BC613 /* HMNewsFeedViewController.m */,
			);
			name = "News Feed";
			sourceTree = "<group>";
		};
		E03C069D16FBE92A002AC531 /* Twitter */ = {
			isa = PBXGroup;
			children = (
				E0CCA17016FBEB48007BC613 /* HMTwitterViewController.h */,
				E0CCA17116FBEB48007BC613 /* HMTwitterViewController.m */,
			);
			name = Twitter;
			sourceTree = "<group>";
		};
		E03C069E16FBE92F002AC531 /* Social */ = {
			isa = PBXGroup;
			children = (
				E0CCA17316FBEB56007BC613 /* HMSocialViewController.h */,
				E0CCA17416FBEB56007BC613 /* HMSocialViewController.m */,
			);
			name = Social;
			sourceTree = "<group>";
		};
		E03C069F16FBE932002AC531 /* More */ = {
			isa = PBXGroup;
			children = (
				E0CCA17616FBEB63007BC613 /* HMMoreViewController.h */,
				E0CCA17716FBEB63007BC613 /* HMMoreViewController.m */,
			);
			name = More;
			sourceTree = "<group>";
		};
		E03C06A016FBE936002AC531 /* Core Data */ = {
			isa = PBXGroup;
			children = (
				E0D4E7C9170086A9002AC1E4 /* HMCoreDataHelper.h */,
				E0D4E7CA170086A9002AC1E4 /* HMCoreDataHelper.m */,
			);
			name = "Core Data";
			sourceTree = "<group>";
		};
		E03C06A116FBE96F002AC531 /* Images */ = {
			isa = PBXGroup;
			children = (
				E0A89A571703DCF70070F731 /* NoteIcon.png */,
				E0BC62321703723F00EFB287 /* EmailButtonSelected.png */,
				E0BC62331703723F00EFB287 /* EmailButtonSelected@2x.png */,
				E0BC622E17036D7200EFB287 /* EmailButton@2x.png */,
				E0BC622F17036D7200EFB287 /* EmailButton.png */,
				E0BC658E17036808009FA678 /* TwitterButton.png */,
				E0BC622C17036A6100EFB287 /* TwitterButton@2x.png */,
				E0139ADB17023C63000AE5B7 /* ticketButton@2x.png */,
				E0139AD917023C3F000AE5B7 /* ticketButton.png */,
				E0139AD7170238CD000AE5B7 /* HMFFlogo@2x.png */,
				E0139AD117023288000AE5B7 /* HMFFlogo.png */,
			);
			name = Images;
			sourceTree = "<group>";
		};
/* End PBXGroup section */

/* Begin PBXNativeTarget section */
		E03C065A16FBE667002AC531 /* HMFF */ = {
			isa = PBXNativeTarget;
			buildConfigurationList = E03C069316FBE667002AC531 /* Build configuration list for PBXNativeTarget "HMFF" */;
			buildPhases = (
				E03C065716FBE667002AC531 /* Sources */,
				E03C065816FBE667002AC531 /* Frameworks */,
				E03C065916FBE667002AC531 /* Resources */,
			);
			buildRules = (
			);
			dependencies = (
			);
			name = HMFF;
			productName = HMFF;
			productReference = E03C065B16FBE667002AC531 /* HMFF.app */;
			productType = "com.apple.product-type.application";
		};
		E03C067F16FBE667002AC531 /* HMFFTests */ = {
			isa = PBXNativeTarget;
			buildConfigurationList = E03C069616FBE667002AC531 /* Build configuration list for PBXNativeTarget "HMFFTests" */;
			buildPhases = (
				E03C067B16FBE667002AC531 /* Sources */,
				E03C067C16FBE667002AC531 /* Frameworks */,
				E03C067D16FBE667002AC531 /* Resources */,
				E03C067E16FBE667002AC531 /* ShellScript */,
			);
			buildRules = (
			);
			dependencies = (
				E03C068716FBE667002AC531 /* PBXTargetDependency */,
			);
			name = HMFFTests;
			productName = HMFFTests;
			productReference = E03C068016FBE667002AC531 /* HMFFTests.octest */;
			productType = "com.apple.product-type.bundle";
		};
/* End PBXNativeTarget section */

/* Begin PBXProject section */
		E03C065316FBE667002AC531 /* Project object */ = {
			isa = PBXProject;
			attributes = {
				CLASSPREFIX = HM;
				LastUpgradeCheck = 0460;
				ORGANIZATIONNAME = HMFF;
			};
			buildConfigurationList = E03C065616FBE667002AC531 /* Build configuration list for PBXProject "HMFF" */;
			compatibilityVersion = "Xcode 3.2";
			developmentRegion = English;
			hasScannedForEncodings = 0;
			knownRegions = (
				en,
			);
			mainGroup = E03C065216FBE667002AC531;
			productRefGroup = E03C065C16FBE667002AC531 /* Products */;
			projectDirPath = "";
			projectRoot = "";
			targets = (
				E03C065A16FBE667002AC531 /* HMFF */,
				E03C067F16FBE667002AC531 /* HMFFTests */,
			);
		};
/* End PBXProject section */

/* Begin PBXResourcesBuildPhase section */
		E03C065916FBE667002AC531 /* Resources */ = {
			isa = PBXResourcesBuildPhase;
			buildActionMask = 2147483647;
			files = (
				E03C066B16FBE667002AC531 /* InfoPlist.strings in Resources */,
				E03C067316FBE667002AC531 /* Default.png in Resources */,
				E03C067516FBE667002AC531 /* Default@2x.png in Resources */,
				E03C067716FBE667002AC531 /* Default-568h@2x.png in Resources */,
				E03C069A16FBE6A4002AC531 /* Storyboard.storyboard in Resources */,
				E0139AD217023288000AE5B7 /* HMFFlogo.png in Resources */,
				E0139AD8170238CD000AE5B7 /* HMFFlogo@2x.png in Resources */,
				E0139ADA17023C3F000AE5B7 /* ticketButton.png in Resources */,
				E0139ADC17023C63000AE5B7 /* ticketButton@2x.png in Resources */,
				E0139AE417024018000AE5B7 /* HMFFIcon57.png in Resources */,
				E0139AE61702401C000AE5B7 /* HMFFIcon114.png in Resources */,
				E0BC658F17036808009FA678 /* TwitterButton.png in Resources */,
				E0BC622D17036A6100EFB287 /* TwitterButton@2x.png in Resources */,
				E0BC623017036D7200EFB287 /* EmailButton@2x.png in Resources */,
				E0BC623117036D7200EFB287 /* EmailButton.png in Resources */,
				E0BC62341703723F00EFB287 /* EmailButtonSelected.png in Resources */,
				E0BC62351703723F00EFB287 /* EmailButtonSelected@2x.png in Resources */,
				E0A89A581703DCF70070F731 /* NoteIcon.png in Resources */,
			);
			runOnlyForDeploymentPostprocessing = 0;
		};
		E03C067D16FBE667002AC531 /* Resources */ = {
			isa = PBXResourcesBuildPhase;
			buildActionMask = 2147483647;
			files = (
				E03C068D16FBE667002AC531 /* InfoPlist.strings in Resources */,
			);
			runOnlyForDeploymentPostprocessing = 0;
		};
/* End PBXResourcesBuildPhase section */

/* Begin PBXShellScriptBuildPhase section */
		E03C067E16FBE667002AC531 /* ShellScript */ = {
			isa = PBXShellScriptBuildPhase;
			buildActionMask = 2147483647;
			files = (
			);
			inputPaths = (
			);
			outputPaths = (
			);
			runOnlyForDeploymentPostprocessing = 0;
			shellPath = /bin/sh;
			shellScript = "# Run the unit tests in this test bundle.\n\"${SYSTEM_DEVELOPER_DIR}/Tools/RunUnitTests\"\n";
		};
/* End PBXShellScriptBuildPhase section */

/* Begin PBXSourcesBuildPhase section */
		E03C065716FBE667002AC531 /* Sources */ = {
			isa = PBXSourcesBuildPhase;
			buildActionMask = 2147483647;
			files = (
				E03C066D16FBE667002AC531 /* main.m in Sources */,
				E03C067116FBE667002AC531 /* HMAppDelegate.m in Sources */,
				E03C067A16FBE667002AC531 /* HMFF.xcdatamodeld in Sources */,
				E0CCA16C16FBEA73007BC613 /* HMLineUpViewController.m in Sources */,
				E0CCA16F16FBEB39007BC613 /* HMNewsFeedViewController.m in Sources */,
				E0CCA17216FBEB48007BC613 /* HMTwitterViewController.m in Sources */,
				E0CCA17516FBEB56007BC613 /* HMSocialViewController.m in Sources */,
				E0CCA17816FBEB63007BC613 /* HMMoreViewController.m in Sources */,
				E0D4E7CB170086A9002AC1E4 /* HMCoreDataHelper.m in Sources */,
				E0139AE9170240C9000AE5B7 /* HMTabBarViewController.m in Sources */,
			);
			runOnlyForDeploymentPostprocessing = 0;
		};
		E03C067B16FBE667002AC531 /* Sources */ = {
			isa = PBXSourcesBuildPhase;
			buildActionMask = 2147483647;
			files = (
				E03C069016FBE667002AC531 /* HMFFTests.m in Sources */,
			);
			runOnlyForDeploymentPostprocessing = 0;
		};
/* End PBXSourcesBuildPhase section */

/* Begin PBXTargetDependency section */
		E03C068716FBE667002AC531 /* PBXTargetDependency */ = {
			isa = PBXTargetDependency;
			target = E03C065A16FBE667002AC531 /* HMFF */;
			targetProxy = E03C068616FBE667002AC531 /* PBXContainerItemProxy */;
		};
/* End PBXTargetDependency section */

/* Begin PBXVariantGroup section */
		E03C066916FBE667002AC531 /* InfoPlist.strings */ = {
			isa = PBXVariantGroup;
			children = (
				E03C066A16FBE667002AC531 /* en */,
			);
			name = InfoPlist.strings;
			sourceTree = "<group>";
		};
		E03C068B16FBE667002AC531 /* InfoPlist.strings */ = {
			isa = PBXVariantGroup;
			children = (
				E03C068C16FBE667002AC531 /* en */,
			);
			name = InfoPlist.strings;
			sourceTree = "<group>";
		};
/* End PBXVariantGroup section */

/* Begin XCBuildConfiguration section */
		E03C069116FBE667002AC531 /* Debug */ = {
			isa = XCBuildConfiguration;
			buildSettings = {
				ALWAYS_SEARCH_USER_PATHS = NO;
				CLANG_CXX_LANGUAGE_STANDARD = "gnu++0x";
				CLANG_CXX_LIBRARY = "libc++";
				CLANG_ENABLE_OBJC_ARC = YES;
				CLANG_WARN_CONSTANT_CONVERSION = YES;
				CLANG_WARN_EMPTY_BODY = YES;
				CLANG_WARN_ENUM_CONVERSION = YES;
				CLANG_WARN_INT_CONVERSION = YES;
				CLANG_WARN__DUPLICATE_METHOD_MATCH = YES;
				"CODE_SIGN_IDENTITY[sdk=iphoneos*]" = "iPhone Developer";
				COPY_PHASE_STRIP = NO;
				GCC_C_LANGUAGE_STANDARD = gnu99;
				GCC_DYNAMIC_NO_PIC = NO;
				GCC_OPTIMIZATION_LEVEL = 0;
				GCC_PREPROCESSOR_DEFINITIONS = (
					"DEBUG=1",
					"$(inherited)",
				);
				GCC_SYMBOLS_PRIVATE_EXTERN = NO;
				GCC_WARN_ABOUT_RETURN_TYPE = YES;
				GCC_WARN_UNINITIALIZED_AUTOS = YES;
				GCC_WARN_UNUSED_VARIABLE = YES;
				IPHONEOS_DEPLOYMENT_TARGET = 6.1;
				ONLY_ACTIVE_ARCH = YES;
				SDKROOT = iphoneos;
				TARGETED_DEVICE_FAMILY = "1,2";
			};
			name = Debug;
		};
		E03C069216FBE667002AC531 /* Release */ = {
			isa = XCBuildConfiguration;
			buildSettings = {
				ALWAYS_SEARCH_USER_PATHS = NO;
				CLANG_CXX_LANGUAGE_STANDARD = "gnu++0x";
				CLANG_CXX_LIBRARY = "libc++";
				CLANG_ENABLE_OBJC_ARC = YES;
				CLANG_WARN_CONSTANT_CONVERSION = YES;
				CLANG_WARN_EMPTY_BODY = YES;
				CLANG_WARN_ENUM_CONVERSION = YES;
				CLANG_WARN_INT_CONVERSION = YES;
				CLANG_WARN__DUPLICATE_METHOD_MATCH = YES;
				"CODE_SIGN_IDENTITY[sdk=iphoneos*]" = "iPhone Developer";
				COPY_PHASE_STRIP = YES;
				GCC_C_LANGUAGE_STANDARD = gnu99;
				GCC_WARN_ABOUT_RETURN_TYPE = YES;
				GCC_WARN_UNINITIALIZED_AUTOS = YES;
				GCC_WARN_UNUSED_VARIABLE = YES;
				IPHONEOS_DEPLOYMENT_TARGET = 6.1;
				OTHER_CFLAGS = "-DNS_BLOCK_ASSERTIONS=1";
				SDKROOT = iphoneos;
				TARGETED_DEVICE_FAMILY = "1,2";
				VALIDATE_PRODUCT = YES;
			};
			name = Release;
		};
		E03C069416FBE667002AC531 /* Debug */ = {
			isa = XCBuildConfiguration;
			buildSettings = {
				GCC_PRECOMPILE_PREFIX_HEADER = YES;
				GCC_PREFIX_HEADER = "HMFF/HMFF-Prefix.pch";
				INFOPLIST_FILE = "HMFF/HMFF-Info.plist";
				PRODUCT_NAME = "$(TARGET_NAME)";
				WRAPPER_EXTENSION = app;
			};
			name = Debug;
		};
		E03C069516FBE667002AC531 /* Release */ = {
			isa = XCBuildConfiguration;
			buildSettings = {
				GCC_PRECOMPILE_PREFIX_HEADER = YES;
				GCC_PREFIX_HEADER = "HMFF/HMFF-Prefix.pch";
				INFOPLIST_FILE = "HMFF/HMFF-Info.plist";
				PRODUCT_NAME = "$(TARGET_NAME)";
				WRAPPER_EXTENSION = app;
			};
			name = Release;
		};
		E03C069716FBE667002AC531 /* Debug */ = {
			isa = XCBuildConfiguration;
			buildSettings = {
				BUNDLE_LOADER = "$(BUILT_PRODUCTS_DIR)/HMFF.app/HMFF";
				FRAMEWORK_SEARCH_PATHS = (
					"\"$(SDKROOT)/Developer/Library/Frameworks\"",
					"\"$(DEVELOPER_LIBRARY_DIR)/Frameworks\"",
				);
				GCC_PRECOMPILE_PREFIX_HEADER = YES;
				GCC_PREFIX_HEADER = "HMFF/HMFF-Prefix.pch";
				INFOPLIST_FILE = "HMFFTests/HMFFTests-Info.plist";
				PRODUCT_NAME = "$(TARGET_NAME)";
				TEST_HOST = "$(BUNDLE_LOADER)";
				WRAPPER_EXTENSION = octest;
			};
			name = Debug;
		};
		E03C069816FBE667002AC531 /* Release */ = {
			isa = XCBuildConfiguration;
			buildSettings = {
				BUNDLE_LOADER = "$(BUILT_PRODUCTS_DIR)/HMFF.app/HMFF";
				FRAMEWORK_SEARCH_PATHS = (
					"\"$(SDKROOT)/Developer/Library/Frameworks\"",
					"\"$(DEVELOPER_LIBRARY_DIR)/Frameworks\"",
				);
				GCC_PRECOMPILE_PREFIX_HEADER = YES;
				GCC_PREFIX_HEADER = "HMFF/HMFF-Prefix.pch";
				INFOPLIST_FILE = "HMFFTests/HMFFTests-Info.plist";
				PRODUCT_NAME = "$(TARGET_NAME)";
				TEST_HOST = "$(BUNDLE_LOADER)";
				WRAPPER_EXTENSION = octest;
			};
			name = Release;
		};
/* End XCBuildConfiguration section */

/* Begin XCConfigurationList section */
		E03C065616FBE667002AC531 /* Build configuration list for PBXProject "HMFF" */ = {
			isa = XCConfigurationList;
			buildConfigurations = (
				E03C069116FBE667002AC531 /* Debug */,
				E03C069216FBE667002AC531 /* Release */,
			);
			defaultConfigurationIsVisible = 0;
			defaultConfigurationName = Release;
		};
		E03C069316FBE667002AC531 /* Build configuration list for PBXNativeTarget "HMFF" */ = {
			isa = XCConfigurationList;
			buildConfigurations = (
				E03C069416FBE667002AC531 /* Debug */,
				E03C069516FBE667002AC531 /* Release */,
			);
			defaultConfigurationIsVisible = 0;
			defaultConfigurationName = Release;
		};
		E03C069616FBE667002AC531 /* Build configuration list for PBXNativeTarget "HMFFTests" */ = {
			isa = XCConfigurationList;
			buildConfigurations = (
				E03C069716FBE667002AC531 /* Debug */,
				E03C069816FBE667002AC531 /* Release */,
			);
			defaultConfigurationIsVisible = 0;
			defaultConfigurationName = Release;
		};
/* End XCConfigurationList section */

/* Begin XCVersionGroup section */
		E03C067816FBE667002AC531 /* HMFF.xcdatamodeld */ = {
			isa = XCVersionGroup;
			children = (
				E03C067916FBE667002AC531 /* HMFF.xcdatamodel */,
			);
			currentVersion = E03C067916FBE667002AC531 /* HMFF.xcdatamodel */;
			path = HMFF.xcdatamodeld;
			sourceTree = "<group>";
			versionGroupType = wrapper.xcdatamodel;
		};
/* End XCVersionGroup section */
	};
	rootObject = E03C065316FBE667002AC531 /* Project object */;
}
